// !$*UTF8*$!
{
	archiveVersion = 1;
	classes = {
	};
	objectVersion = 46;
	objects = {

/* Begin PBXBuildFile section */
		0081F63F1A2241D88405D8BE /* EvilIcons.ttf in Resources */ = {isa = PBXBuildFile; fileRef = 768923426F474C6EAC9E8C42 /* EvilIcons.ttf */; };
		00E356F31AD99517003FC87E /* doracahlTests.m in Sources */ = {isa = PBXBuildFile; fileRef = 00E356F21AD99517003FC87E /* doracahlTests.m */; };
		0F022871E39D46F59CF13175 /* Merriweather-BoldItalic.ttf in Resources */ = {isa = PBXBuildFile; fileRef = 574C15103B5745B486BEED21 /* Merriweather-BoldItalic.ttf */; };
		1007D4841C7C474C9C34A6EB /* Feather.ttf in Resources */ = {isa = PBXBuildFile; fileRef = 30CF8BC7081B445CB1FBE661 /* Feather.ttf */; };
		13B07FBC1A68108700A75B9A /* AppDelegate.m in Sources */ = {isa = PBXBuildFile; fileRef = 13B07FB01A68108700A75B9A /* AppDelegate.m */; };
		13B07FBD1A68108700A75B9A /* LaunchScreen.xib in Resources */ = {isa = PBXBuildFile; fileRef = 13B07FB11A68108700A75B9A /* LaunchScreen.xib */; };
		13B07FBF1A68108700A75B9A /* Images.xcassets in Resources */ = {isa = PBXBuildFile; fileRef = 13B07FB51A68108700A75B9A /* Images.xcassets */; };
		13B07FC11A68108700A75B9A /* main.m in Sources */ = {isa = PBXBuildFile; fileRef = 13B07FB71A68108700A75B9A /* main.m */; };
		13C095519B974B71BA350A3A /* Merriweather-Italic.ttf in Resources */ = {isa = PBXBuildFile; fileRef = 78FF579044A4476C9C6D66FA /* Merriweather-Italic.ttf */; };
		1F54CEF10BAC50F7CF0BC881 /* libPods-doracahl-tvOSTests.a in Frameworks */ = {isa = PBXBuildFile; fileRef = 7E75527390C52DA7E9D70EAE /* libPods-doracahl-tvOSTests.a */; };
		22DA5BE626354DBF907C7A45 /* Entypo.ttf in Resources */ = {isa = PBXBuildFile; fileRef = 8CC819669D284F87B948092B /* Entypo.ttf */; };
		2D02E4BC1E0B4A80006451C7 /* AppDelegate.m in Sources */ = {isa = PBXBuildFile; fileRef = 13B07FB01A68108700A75B9A /* AppDelegate.m */; };
		2D02E4BD1E0B4A84006451C7 /* Images.xcassets in Resources */ = {isa = PBXBuildFile; fileRef = 13B07FB51A68108700A75B9A /* Images.xcassets */; };
		2D02E4BF1E0B4AB3006451C7 /* main.m in Sources */ = {isa = PBXBuildFile; fileRef = 13B07FB71A68108700A75B9A /* main.m */; };
		2D6BC6DDBC0140F9A6622231 /* Octicons.ttf in Resources */ = {isa = PBXBuildFile; fileRef = 4E4AD34F3EA942598E81ED00 /* Octicons.ttf */; };
		2DCD954D1E0B4F2C00145EB5 /* doracahlTests.m in Sources */ = {isa = PBXBuildFile; fileRef = 00E356F21AD99517003FC87E /* doracahlTests.m */; };
		3277F1A8BEC74435887059AF /* Merriweather-LightItalic.ttf in Resources */ = {isa = PBXBuildFile; fileRef = 15029FA047F948E9B2684C80 /* Merriweather-LightItalic.ttf */; };
		38963BB8564743B1BCF59254 /* FontAwesome5_Regular.ttf in Resources */ = {isa = PBXBuildFile; fileRef = 0A963892C0C64A37A3D2A02A /* FontAwesome5_Regular.ttf */; };
		47112BAACDEF439BA2484DB3 /* AntDesign.ttf in Resources */ = {isa = PBXBuildFile; fileRef = 618496F1B1DC46B392E78E82 /* AntDesign.ttf */; };
		53AB941AE4EF4CC1A02F4FA1 /* Merriweather-BlackItalic.ttf in Resources */ = {isa = PBXBuildFile; fileRef = 8D901E90E72F4AE4AB7AC4B6 /* Merriweather-BlackItalic.ttf */; };
		56F766EB9BF540A0B436459F /* FontAwesome5_Solid.ttf in Resources */ = {isa = PBXBuildFile; fileRef = EB3236AC19944D53AD8BB9F3 /* FontAwesome5_Solid.ttf */; };
		5B6BFBBE0990C50F28AEABD0 /* libPods-doracahlTests.a in Frameworks */ = {isa = PBXBuildFile; fileRef = CA97FFE5164CAF6E612215DF /* libPods-doracahlTests.a */; };
		6773F290AE21415C9CA5418E /* FontAwesome.ttf in Resources */ = {isa = PBXBuildFile; fileRef = 93BCF8E4C0EE4AF2A56E3BBB /* FontAwesome.ttf */; };
		793B7B56E987408DB6003B92 /* MaterialIcons.ttf in Resources */ = {isa = PBXBuildFile; fileRef = 6DDAFCDE209147DF8AAEDBB8 /* MaterialIcons.ttf */; };
		7C8A09031C97404DA8D4DE6B /* FontAwesome5_Brands.ttf in Resources */ = {isa = PBXBuildFile; fileRef = 7DDAA798E8634FF1B1FD3869 /* FontAwesome5_Brands.ttf */; };
		898DA332F03515EF5BE9854A /* libPods-doracahl.a in Frameworks */ = {isa = PBXBuildFile; fileRef = 31FDF527DFDB72D38E4D9039 /* libPods-doracahl.a */; };
		8C431B7AB43D4D308F4E0AF7 /* Merriweather-Regular.ttf in Resources */ = {isa = PBXBuildFile; fileRef = D2BAC539CAF347AABCCF61D2 /* Merriweather-Regular.ttf */; };
		8E603E992309AFF500B39239 /* EventKit.framework in Frameworks */ = {isa = PBXBuildFile; fileRef = 8E603E852309AFF500B39239 /* EventKit.framework */; };
		8E85F0C12305AD32005B2614 /* libRNVectorIcons.a in Frameworks */ = {isa = PBXBuildFile; fileRef = 8E85F0BE2305ACE5005B2614 /* libRNVectorIcons.a */; };
		8E85F0D32305AE81005B2614 /* Fontisto.ttf in Resources */ = {isa = PBXBuildFile; fileRef = 8E85F0C32305AE81005B2614 /* Fontisto.ttf */; };
		8E85F0D42305AE81005B2614 /* Octicons.ttf in Resources */ = {isa = PBXBuildFile; fileRef = 8E85F0C42305AE81005B2614 /* Octicons.ttf */; };
		8E85F0D52305AE81005B2614 /* Feather.ttf in Resources */ = {isa = PBXBuildFile; fileRef = 8E85F0C52305AE81005B2614 /* Feather.ttf */; };
		8E85F0D62305AE81005B2614 /* Entypo.ttf in Resources */ = {isa = PBXBuildFile; fileRef = 8E85F0C62305AE81005B2614 /* Entypo.ttf */; };
		8E85F0D72305AE81005B2614 /* FontAwesome5_Brands.ttf in Resources */ = {isa = PBXBuildFile; fileRef = 8E85F0C72305AE81005B2614 /* FontAwesome5_Brands.ttf */; };
		8E85F0D82305AE81005B2614 /* MaterialCommunityIcons.ttf in Resources */ = {isa = PBXBuildFile; fileRef = 8E85F0C82305AE81005B2614 /* MaterialCommunityIcons.ttf */; };
		8E85F0D92305AE81005B2614 /* AntDesign.ttf in Resources */ = {isa = PBXBuildFile; fileRef = 8E85F0C92305AE81005B2614 /* AntDesign.ttf */; };
		8E85F0DA2305AE81005B2614 /* Foundation.ttf in Resources */ = {isa = PBXBuildFile; fileRef = 8E85F0CA2305AE81005B2614 /* Foundation.ttf */; };
		8E85F0DB2305AE81005B2614 /* Ionicons.ttf in Resources */ = {isa = PBXBuildFile; fileRef = 8E85F0CB2305AE81005B2614 /* Ionicons.ttf */; };
		8E85F0DC2305AE81005B2614 /* FontAwesome5_Solid.ttf in Resources */ = {isa = PBXBuildFile; fileRef = 8E85F0CC2305AE81005B2614 /* FontAwesome5_Solid.ttf */; };
		8E85F0DD2305AE81005B2614 /* FontAwesome5_Regular.ttf in Resources */ = {isa = PBXBuildFile; fileRef = 8E85F0CD2305AE81005B2614 /* FontAwesome5_Regular.ttf */; };
		8E85F0DE2305AE81005B2614 /* FontAwesome.ttf in Resources */ = {isa = PBXBuildFile; fileRef = 8E85F0CE2305AE81005B2614 /* FontAwesome.ttf */; };
		8E85F0DF2305AE81005B2614 /* Zocial.ttf in Resources */ = {isa = PBXBuildFile; fileRef = 8E85F0CF2305AE81005B2614 /* Zocial.ttf */; };
		8E85F0E02305AE81005B2614 /* EvilIcons.ttf in Resources */ = {isa = PBXBuildFile; fileRef = 8E85F0D02305AE81005B2614 /* EvilIcons.ttf */; };
		8E85F0E12305AE81005B2614 /* SimpleLineIcons.ttf in Resources */ = {isa = PBXBuildFile; fileRef = 8E85F0D12305AE81005B2614 /* SimpleLineIcons.ttf */; };
		8E85F0E22305AE81005B2614 /* MaterialIcons.ttf in Resources */ = {isa = PBXBuildFile; fileRef = 8E85F0D22305AE81005B2614 /* MaterialIcons.ttf */; };
		99930A2EE87A4B62B1EA586D /* MaterialCommunityIcons.ttf in Resources */ = {isa = PBXBuildFile; fileRef = A77DD342B8F34C2CB5FF45D3 /* MaterialCommunityIcons.ttf */; };
		A05A5A42E33F47BDBFF77C5D /* Ionicons.ttf in Resources */ = {isa = PBXBuildFile; fileRef = DD9A755E143C47E1A2B547E0 /* Ionicons.ttf */; };
		A8F32EAF97BDD9927038069B /* libPods-doracahl-tvOS.a in Frameworks */ = {isa = PBXBuildFile; fileRef = 0F1E70B37D9819C35D9DB41C /* libPods-doracahl-tvOS.a */; };
		B16824D371A44849A0715C6E /* Merriweather-Bold.ttf in Resources */ = {isa = PBXBuildFile; fileRef = DBDC6102DD9542A9A8EBBA02 /* Merriweather-Bold.ttf */; };
		B2D26CCC530C448AB7502636 /* Merriweather-Light.ttf in Resources */ = {isa = PBXBuildFile; fileRef = 6F3CCF1BECE1422781C5F413 /* Merriweather-Light.ttf */; };
		BB8132985A31401FA3006361 /* Foundation.ttf in Resources */ = {isa = PBXBuildFile; fileRef = B7572C09A9F34CDD8910139B /* Foundation.ttf */; };
		BC1C600491D24431BB4F0F3A /* Merriweather-Black.ttf in Resources */ = {isa = PBXBuildFile; fileRef = F7E25892813C46F49F5C8E41 /* Merriweather-Black.ttf */; };
		CAAA6EDC9E9B4EB8B18851EF /* Fontisto.ttf in Resources */ = {isa = PBXBuildFile; fileRef = 5ABDF86582DA40EFB74D77BE /* Fontisto.ttf */; };
		EF7B77DE676D4235BBA4DDAA /* Zocial.ttf in Resources */ = {isa = PBXBuildFile; fileRef = E5D53A37BD794874A2701FEA /* Zocial.ttf */; };
		F607A1CE4D67422A8712EA0E /* SimpleLineIcons.ttf in Resources */ = {isa = PBXBuildFile; fileRef = CA74B71DD16843CBB5148DEF /* SimpleLineIcons.ttf */; };
/* End PBXBuildFile section */

/* Begin PBXContainerItemProxy section */
		00E356F41AD99517003FC87E /* PBXContainerItemProxy */ = {
			isa = PBXContainerItemProxy;
			containerPortal = 83CBB9F71A601CBA00E9B192 /* Project object */;
			proxyType = 1;
			remoteGlobalIDString = 13B07F861A680F5B00A75B9A;
			remoteInfo = doracahl;
		};
		2D02E4911E0B4A5D006451C7 /* PBXContainerItemProxy */ = {
			isa = PBXContainerItemProxy;
			containerPortal = 83CBB9F71A601CBA00E9B192 /* Project object */;
			proxyType = 1;
			remoteGlobalIDString = 2D02E47A1E0B4A5D006451C7;
			remoteInfo = "doracahl-tvOS";
		};
		8E603E7A2309AEF500B39239 /* PBXContainerItemProxy */ = {
			isa = PBXContainerItemProxy;
			containerPortal = 8E603E662309AEF500B39239 /* RNCalendarEvents.xcodeproj */;
			proxyType = 2;
			remoteGlobalIDString = BEC43C6A1C723089001221C6;
			remoteInfo = RNCalendarEvents;
		};
		8E603EC72309C85C00B39239 /* PBXContainerItemProxy */ = {
			isa = PBXContainerItemProxy;
			containerPortal = 8E603EB32309C85C00B39239 /* RNAddCalendarEvent.xcodeproj */;
			proxyType = 2;
			remoteGlobalIDString = 134814201AA4EA6300B7C361;
			remoteInfo = RNAddCalendarEvent;
		};
		8E85F0BD2305ACE5005B2614 /* PBXContainerItemProxy */ = {
			isa = PBXContainerItemProxy;
			containerPortal = 8E85F0B82305ACE5005B2614 /* RNVectorIcons.xcodeproj */;
			proxyType = 2;
			remoteGlobalIDString = 5DBEB1501B18CEA900B34395;
			remoteInfo = RNVectorIcons;
		};
		8E85F0BF2305ACE5005B2614 /* PBXContainerItemProxy */ = {
			isa = PBXContainerItemProxy;
			containerPortal = 8E85F0B82305ACE5005B2614 /* RNVectorIcons.xcodeproj */;
			proxyType = 2;
			remoteGlobalIDString = A39873CE1EA65EE60051E01A;
			remoteInfo = "RNVectorIcons-tvOS";
		};
		8EA4CE1A2305B54800907A26 /* PBXContainerItemProxy */ = {
			isa = PBXContainerItemProxy;
			containerPortal = 8EA4CE072305B54700907A26 /* React.xcodeproj */;
			proxyType = 2;
			remoteGlobalIDString = 83CBBA2E1A601D0E00E9B192;
			remoteInfo = React;
		};
		8EA4CE1C2305B54800907A26 /* PBXContainerItemProxy */ = {
			isa = PBXContainerItemProxy;
			containerPortal = 8EA4CE072305B54700907A26 /* React.xcodeproj */;
			proxyType = 2;
			remoteGlobalIDString = 2D2A28131D9B038B00D4039D;
			remoteInfo = "React-tvOS";
		};
		8EA4CE1E2305B54800907A26 /* PBXContainerItemProxy */ = {
			isa = PBXContainerItemProxy;
			containerPortal = 8EA4CE072305B54700907A26 /* React.xcodeproj */;
			proxyType = 2;
			remoteGlobalIDString = 3D3C059A1DE3340900C268FA;
			remoteInfo = yoga;
		};
		8EA4CE202305B54800907A26 /* PBXContainerItemProxy */ = {
			isa = PBXContainerItemProxy;
			containerPortal = 8EA4CE072305B54700907A26 /* React.xcodeproj */;
			proxyType = 2;
			remoteGlobalIDString = 3D3C06751DE3340C00C268FA;
			remoteInfo = "yoga-tvOS";
		};
		8EA4CE222305B54800907A26 /* PBXContainerItemProxy */ = {
			isa = PBXContainerItemProxy;
			containerPortal = 8EA4CE072305B54700907A26 /* React.xcodeproj */;
			proxyType = 2;
			remoteGlobalIDString = 3D3CD9251DE5FBEC00167DC4;
			remoteInfo = cxxreact;
		};
		8EA4CE242305B54800907A26 /* PBXContainerItemProxy */ = {
			isa = PBXContainerItemProxy;
			containerPortal = 8EA4CE072305B54700907A26 /* React.xcodeproj */;
			proxyType = 2;
			remoteGlobalIDString = 3D3CD9321DE5FBEE00167DC4;
			remoteInfo = "cxxreact-tvOS";
		};
		8EA4CE262305B54800907A26 /* PBXContainerItemProxy */ = {
			isa = PBXContainerItemProxy;
			containerPortal = 8EA4CE072305B54700907A26 /* React.xcodeproj */;
			proxyType = 2;
			remoteGlobalIDString = EBF21BDC1FC498900052F4D5;
			remoteInfo = jsinspector;
		};
		8EA4CE282305B54800907A26 /* PBXContainerItemProxy */ = {
			isa = PBXContainerItemProxy;
			containerPortal = 8EA4CE072305B54700907A26 /* React.xcodeproj */;
			proxyType = 2;
			remoteGlobalIDString = EBF21BFA1FC4989A0052F4D5;
			remoteInfo = "jsinspector-tvOS";
		};
		8EA4CE2A2305B54800907A26 /* PBXContainerItemProxy */ = {
			isa = PBXContainerItemProxy;
			containerPortal = 8EA4CE072305B54700907A26 /* React.xcodeproj */;
			proxyType = 2;
			remoteGlobalIDString = 139D7ECE1E25DB7D00323FB7;
			remoteInfo = "third-party";
		};
		8EA4CE2C2305B54800907A26 /* PBXContainerItemProxy */ = {
			isa = PBXContainerItemProxy;
			containerPortal = 8EA4CE072305B54700907A26 /* React.xcodeproj */;
			proxyType = 2;
			remoteGlobalIDString = 3D383D3C1EBD27B6005632C8;
			remoteInfo = "third-party-tvOS";
		};
		8EA4CE2E2305B54800907A26 /* PBXContainerItemProxy */ = {
			isa = PBXContainerItemProxy;
			containerPortal = 8EA4CE072305B54700907A26 /* React.xcodeproj */;
			proxyType = 2;
			remoteGlobalIDString = 139D7E881E25C6D100323FB7;
			remoteInfo = "double-conversion";
		};
		8EA4CE302305B54800907A26 /* PBXContainerItemProxy */ = {
			isa = PBXContainerItemProxy;
			containerPortal = 8EA4CE072305B54700907A26 /* React.xcodeproj */;
			proxyType = 2;
			remoteGlobalIDString = 3D383D621EBD27B9005632C8;
			remoteInfo = "double-conversion-tvOS";
		};
		8EA4CE322305B54800907A26 /* PBXContainerItemProxy */ = {
			isa = PBXContainerItemProxy;
			containerPortal = 8EA4CE072305B54700907A26 /* React.xcodeproj */;
			proxyType = 2;
			remoteGlobalIDString = EDEBC6D6214B3E7000DD5AC8;
			remoteInfo = jsi;
		};
		8EA4CE342305B54800907A26 /* PBXContainerItemProxy */ = {
			isa = PBXContainerItemProxy;
			containerPortal = 8EA4CE072305B54700907A26 /* React.xcodeproj */;
			proxyType = 2;
			remoteGlobalIDString = EDEBC73B214B45A300DD5AC8;
			remoteInfo = jsiexecutor;
		};
		8EA4CE362305B54800907A26 /* PBXContainerItemProxy */ = {
			isa = PBXContainerItemProxy;
			containerPortal = 8EA4CE072305B54700907A26 /* React.xcodeproj */;
			proxyType = 2;
			remoteGlobalIDString = ED296FB6214C9A0900B7C4FE;
			remoteInfo = "jsi-tvOS";
		};
		8EA4CE382305B54800907A26 /* PBXContainerItemProxy */ = {
			isa = PBXContainerItemProxy;
			containerPortal = 8EA4CE072305B54700907A26 /* React.xcodeproj */;
			proxyType = 2;
			remoteGlobalIDString = ED296FEE214C9CF800B7C4FE;
			remoteInfo = "jsiexecutor-tvOS";
		};
/* End PBXContainerItemProxy section */

/* Begin PBXFileReference section */
		008F07F21AC5B25A0029DE68 /* main.jsbundle */ = {isa = PBXFileReference; fileEncoding = 4; lastKnownFileType = text; path = main.jsbundle; sourceTree = "<group>"; };
		00E356EE1AD99517003FC87E /* doracahlTests.xctest */ = {isa = PBXFileReference; explicitFileType = wrapper.cfbundle; includeInIndex = 0; path = doracahlTests.xctest; sourceTree = BUILT_PRODUCTS_DIR; };
		00E356F11AD99517003FC87E /* Info.plist */ = {isa = PBXFileReference; lastKnownFileType = text.plist.xml; path = Info.plist; sourceTree = "<group>"; };
		00E356F21AD99517003FC87E /* doracahlTests.m */ = {isa = PBXFileReference; lastKnownFileType = sourcecode.c.objc; path = doracahlTests.m; sourceTree = "<group>"; };
		0A963892C0C64A37A3D2A02A /* FontAwesome5_Regular.ttf */ = {isa = PBXFileReference; explicitFileType = undefined; fileEncoding = 9; includeInIndex = 0; lastKnownFileType = unknown; name = FontAwesome5_Regular.ttf; path = "../node_modules/react-native-vector-icons/Fonts/FontAwesome5_Regular.ttf"; sourceTree = "<group>"; };
		0F1E70B37D9819C35D9DB41C /* libPods-doracahl-tvOS.a */ = {isa = PBXFileReference; explicitFileType = archive.ar; includeInIndex = 0; path = "libPods-doracahl-tvOS.a"; sourceTree = BUILT_PRODUCTS_DIR; };
		13B07F961A680F5B00A75B9A /* doracahl.app */ = {isa = PBXFileReference; explicitFileType = wrapper.application; includeInIndex = 0; path = doracahl.app; sourceTree = BUILT_PRODUCTS_DIR; };
		13B07FAF1A68108700A75B9A /* AppDelegate.h */ = {isa = PBXFileReference; fileEncoding = 4; lastKnownFileType = sourcecode.c.h; name = AppDelegate.h; path = doracahl/AppDelegate.h; sourceTree = "<group>"; };
		13B07FB01A68108700A75B9A /* AppDelegate.m */ = {isa = PBXFileReference; fileEncoding = 4; lastKnownFileType = sourcecode.c.objc; name = AppDelegate.m; path = doracahl/AppDelegate.m; sourceTree = "<group>"; };
		13B07FB21A68108700A75B9A /* Base */ = {isa = PBXFileReference; lastKnownFileType = file.xib; name = Base; path = Base.lproj/LaunchScreen.xib; sourceTree = "<group>"; };
		13B07FB51A68108700A75B9A /* Images.xcassets */ = {isa = PBXFileReference; lastKnownFileType = folder.assetcatalog; name = Images.xcassets; path = doracahl/Images.xcassets; sourceTree = "<group>"; };
		13B07FB61A68108700A75B9A /* Info.plist */ = {isa = PBXFileReference; fileEncoding = 4; lastKnownFileType = text.plist.xml; name = Info.plist; path = doracahl/Info.plist; sourceTree = "<group>"; };
		13B07FB71A68108700A75B9A /* main.m */ = {isa = PBXFileReference; fileEncoding = 4; lastKnownFileType = sourcecode.c.objc; name = main.m; path = doracahl/main.m; sourceTree = "<group>"; };
		15029FA047F948E9B2684C80 /* Merriweather-LightItalic.ttf */ = {isa = PBXFileReference; explicitFileType = undefined; fileEncoding = 9; includeInIndex = 0; lastKnownFileType = unknown; name = "Merriweather-LightItalic.ttf"; path = "../assets/fonts/Merriweather-LightItalic.ttf"; sourceTree = "<group>"; };
		2D02E47B1E0B4A5D006451C7 /* doracahl-tvOS.app */ = {isa = PBXFileReference; explicitFileType = wrapper.application; includeInIndex = 0; path = "doracahl-tvOS.app"; sourceTree = BUILT_PRODUCTS_DIR; };
		2D02E4901E0B4A5D006451C7 /* doracahl-tvOSTests.xctest */ = {isa = PBXFileReference; explicitFileType = wrapper.cfbundle; includeInIndex = 0; path = "doracahl-tvOSTests.xctest"; sourceTree = BUILT_PRODUCTS_DIR; };
		30CF8BC7081B445CB1FBE661 /* Feather.ttf */ = {isa = PBXFileReference; explicitFileType = undefined; fileEncoding = 9; includeInIndex = 0; lastKnownFileType = unknown; name = Feather.ttf; path = "../node_modules/react-native-vector-icons/Fonts/Feather.ttf"; sourceTree = "<group>"; };
		31FDF527DFDB72D38E4D9039 /* libPods-doracahl.a */ = {isa = PBXFileReference; explicitFileType = archive.ar; includeInIndex = 0; path = "libPods-doracahl.a"; sourceTree = BUILT_PRODUCTS_DIR; };
		4E4AD34F3EA942598E81ED00 /* Octicons.ttf */ = {isa = PBXFileReference; explicitFileType = undefined; fileEncoding = 9; includeInIndex = 0; lastKnownFileType = unknown; name = Octicons.ttf; path = "../node_modules/react-native-vector-icons/Fonts/Octicons.ttf"; sourceTree = "<group>"; };
		55E790C9343C4A0491CBD011 /* Pods-doracahl.release.xcconfig */ = {isa = PBXFileReference; includeInIndex = 1; lastKnownFileType = text.xcconfig; name = "Pods-doracahl.release.xcconfig"; path = "Target Support Files/Pods-doracahl/Pods-doracahl.release.xcconfig"; sourceTree = "<group>"; };
		574C15103B5745B486BEED21 /* Merriweather-BoldItalic.ttf */ = {isa = PBXFileReference; explicitFileType = undefined; fileEncoding = 9; includeInIndex = 0; lastKnownFileType = unknown; name = "Merriweather-BoldItalic.ttf"; path = "../assets/fonts/Merriweather-BoldItalic.ttf"; sourceTree = "<group>"; };
		5ABDF86582DA40EFB74D77BE /* Fontisto.ttf */ = {isa = PBXFileReference; explicitFileType = undefined; fileEncoding = 9; includeInIndex = 0; lastKnownFileType = unknown; name = Fontisto.ttf; path = "../node_modules/react-native-vector-icons/Fonts/Fontisto.ttf"; sourceTree = "<group>"; };
		5B381C7595A0E3522ACB7C40 /* Pods-doracahl-tvOS.debug.xcconfig */ = {isa = PBXFileReference; includeInIndex = 1; lastKnownFileType = text.xcconfig; name = "Pods-doracahl-tvOS.debug.xcconfig"; path = "Target Support Files/Pods-doracahl-tvOS/Pods-doracahl-tvOS.debug.xcconfig"; sourceTree = "<group>"; };
		5C13987D80FEBEFBAD8484EE /* Pods-doracahl-tvOSTests.debug.xcconfig */ = {isa = PBXFileReference; includeInIndex = 1; lastKnownFileType = text.xcconfig; name = "Pods-doracahl-tvOSTests.debug.xcconfig"; path = "Target Support Files/Pods-doracahl-tvOSTests/Pods-doracahl-tvOSTests.debug.xcconfig"; sourceTree = "<group>"; };
		618496F1B1DC46B392E78E82 /* AntDesign.ttf */ = {isa = PBXFileReference; explicitFileType = undefined; fileEncoding = 9; includeInIndex = 0; lastKnownFileType = unknown; name = AntDesign.ttf; path = "../node_modules/react-native-vector-icons/Fonts/AntDesign.ttf"; sourceTree = "<group>"; };
		68FAEC469A28B7C45FF5D2C0 /* Pods-doracahlTests.release.xcconfig */ = {isa = PBXFileReference; includeInIndex = 1; lastKnownFileType = text.xcconfig; name = "Pods-doracahlTests.release.xcconfig"; path = "Target Support Files/Pods-doracahlTests/Pods-doracahlTests.release.xcconfig"; sourceTree = "<group>"; };
		6DDAFCDE209147DF8AAEDBB8 /* MaterialIcons.ttf */ = {isa = PBXFileReference; explicitFileType = undefined; fileEncoding = 9; includeInIndex = 0; lastKnownFileType = unknown; name = MaterialIcons.ttf; path = "../node_modules/react-native-vector-icons/Fonts/MaterialIcons.ttf"; sourceTree = "<group>"; };
		6F3CCF1BECE1422781C5F413 /* Merriweather-Light.ttf */ = {isa = PBXFileReference; explicitFileType = undefined; fileEncoding = 9; includeInIndex = 0; lastKnownFileType = unknown; name = "Merriweather-Light.ttf"; path = "../assets/fonts/Merriweather-Light.ttf"; sourceTree = "<group>"; };
		768923426F474C6EAC9E8C42 /* EvilIcons.ttf */ = {isa = PBXFileReference; explicitFileType = undefined; fileEncoding = 9; includeInIndex = 0; lastKnownFileType = unknown; name = EvilIcons.ttf; path = "../node_modules/react-native-vector-icons/Fonts/EvilIcons.ttf"; sourceTree = "<group>"; };
		78FF579044A4476C9C6D66FA /* Merriweather-Italic.ttf */ = {isa = PBXFileReference; explicitFileType = undefined; fileEncoding = 9; includeInIndex = 0; lastKnownFileType = unknown; name = "Merriweather-Italic.ttf"; path = "../assets/fonts/Merriweather-Italic.ttf"; sourceTree = "<group>"; };
		7DDAA798E8634FF1B1FD3869 /* FontAwesome5_Brands.ttf */ = {isa = PBXFileReference; explicitFileType = undefined; fileEncoding = 9; includeInIndex = 0; lastKnownFileType = unknown; name = FontAwesome5_Brands.ttf; path = "../node_modules/react-native-vector-icons/Fonts/FontAwesome5_Brands.ttf"; sourceTree = "<group>"; };
		7E75527390C52DA7E9D70EAE /* libPods-doracahl-tvOSTests.a */ = {isa = PBXFileReference; explicitFileType = archive.ar; includeInIndex = 0; path = "libPods-doracahl-tvOSTests.a"; sourceTree = BUILT_PRODUCTS_DIR; };
		823285E49D4C8E2F26648C49 /* Pods-doracahl-tvOSTests.release.xcconfig */ = {isa = PBXFileReference; includeInIndex = 1; lastKnownFileType = text.xcconfig; name = "Pods-doracahl-tvOSTests.release.xcconfig"; path = "Target Support Files/Pods-doracahl-tvOSTests/Pods-doracahl-tvOSTests.release.xcconfig"; sourceTree = "<group>"; };
		8CC819669D284F87B948092B /* Entypo.ttf */ = {isa = PBXFileReference; explicitFileType = undefined; fileEncoding = 9; includeInIndex = 0; lastKnownFileType = unknown; name = Entypo.ttf; path = "../node_modules/react-native-vector-icons/Fonts/Entypo.ttf"; sourceTree = "<group>"; };
		8D901E90E72F4AE4AB7AC4B6 /* Merriweather-BlackItalic.ttf */ = {isa = PBXFileReference; explicitFileType = undefined; fileEncoding = 9; includeInIndex = 0; lastKnownFileType = unknown; name = "Merriweather-BlackItalic.ttf"; path = "../assets/fonts/Merriweather-BlackItalic.ttf"; sourceTree = "<group>"; };
		8E603E662309AEF500B39239 /* RNCalendarEvents.xcodeproj */ = {isa = PBXFileReference; lastKnownFileType = "wrapper.pb-project"; name = RNCalendarEvents.xcodeproj; path = "../node_modules/react-native-calendar-events/RNCalendarEvents.xcodeproj"; sourceTree = "<group>"; };
		8E603E852309AFF500B39239 /* EventKit.framework */ = {isa = PBXFileReference; lastKnownFileType = wrapper.framework; name = EventKit.framework; path = System/Library/Frameworks/EventKit.framework; sourceTree = SDKROOT; };
		8E603EB32309C85C00B39239 /* RNAddCalendarEvent.xcodeproj */ = {isa = PBXFileReference; lastKnownFileType = "wrapper.pb-project"; name = RNAddCalendarEvent.xcodeproj; path = "../node_modules/react-native-add-calendar-event/ios/RNAddCalendarEvent.xcodeproj"; sourceTree = "<group>"; };
		8E85F0B82305ACE5005B2614 /* RNVectorIcons.xcodeproj */ = {isa = PBXFileReference; lastKnownFileType = "wrapper.pb-project"; name = RNVectorIcons.xcodeproj; path = "../node_modules/react-native-vector-icons/RNVectorIcons.xcodeproj"; sourceTree = "<group>"; };
		8E85F0C32305AE81005B2614 /* Fontisto.ttf */ = {isa = PBXFileReference; lastKnownFileType = file; path = Fontisto.ttf; sourceTree = "<group>"; };
		8E85F0C42305AE81005B2614 /* Octicons.ttf */ = {isa = PBXFileReference; lastKnownFileType = file; path = Octicons.ttf; sourceTree = "<group>"; };
		8E85F0C52305AE81005B2614 /* Feather.ttf */ = {isa = PBXFileReference; lastKnownFileType = file; path = Feather.ttf; sourceTree = "<group>"; };
		8E85F0C62305AE81005B2614 /* Entypo.ttf */ = {isa = PBXFileReference; lastKnownFileType = file; path = Entypo.ttf; sourceTree = "<group>"; };
		8E85F0C72305AE81005B2614 /* FontAwesome5_Brands.ttf */ = {isa = PBXFileReference; lastKnownFileType = file; path = FontAwesome5_Brands.ttf; sourceTree = "<group>"; };
		8E85F0C82305AE81005B2614 /* MaterialCommunityIcons.ttf */ = {isa = PBXFileReference; lastKnownFileType = file; path = MaterialCommunityIcons.ttf; sourceTree = "<group>"; };
		8E85F0C92305AE81005B2614 /* AntDesign.ttf */ = {isa = PBXFileReference; lastKnownFileType = file; path = AntDesign.ttf; sourceTree = "<group>"; };
		8E85F0CA2305AE81005B2614 /* Foundation.ttf */ = {isa = PBXFileReference; lastKnownFileType = file; path = Foundation.ttf; sourceTree = "<group>"; };
		8E85F0CB2305AE81005B2614 /* Ionicons.ttf */ = {isa = PBXFileReference; lastKnownFileType = file; path = Ionicons.ttf; sourceTree = "<group>"; };
		8E85F0CC2305AE81005B2614 /* FontAwesome5_Solid.ttf */ = {isa = PBXFileReference; lastKnownFileType = file; path = FontAwesome5_Solid.ttf; sourceTree = "<group>"; };
		8E85F0CD2305AE81005B2614 /* FontAwesome5_Regular.ttf */ = {isa = PBXFileReference; lastKnownFileType = file; path = FontAwesome5_Regular.ttf; sourceTree = "<group>"; };
		8E85F0CE2305AE81005B2614 /* FontAwesome.ttf */ = {isa = PBXFileReference; lastKnownFileType = file; path = FontAwesome.ttf; sourceTree = "<group>"; };
		8E85F0CF2305AE81005B2614 /* Zocial.ttf */ = {isa = PBXFileReference; lastKnownFileType = file; path = Zocial.ttf; sourceTree = "<group>"; };
		8E85F0D02305AE81005B2614 /* EvilIcons.ttf */ = {isa = PBXFileReference; lastKnownFileType = file; path = EvilIcons.ttf; sourceTree = "<group>"; };
		8E85F0D12305AE81005B2614 /* SimpleLineIcons.ttf */ = {isa = PBXFileReference; lastKnownFileType = file; path = SimpleLineIcons.ttf; sourceTree = "<group>"; };
		8E85F0D22305AE81005B2614 /* MaterialIcons.ttf */ = {isa = PBXFileReference; lastKnownFileType = file; path = MaterialIcons.ttf; sourceTree = "<group>"; };
		8EA4CE072305B54700907A26 /* React.xcodeproj */ = {isa = PBXFileReference; lastKnownFileType = "wrapper.pb-project"; name = React.xcodeproj; path = "../node_modules/react-native/React/React.xcodeproj"; sourceTree = "<group>"; };
		93BCF8E4C0EE4AF2A56E3BBB /* FontAwesome.ttf */ = {isa = PBXFileReference; explicitFileType = undefined; fileEncoding = 9; includeInIndex = 0; lastKnownFileType = unknown; name = FontAwesome.ttf; path = "../node_modules/react-native-vector-icons/Fonts/FontAwesome.ttf"; sourceTree = "<group>"; };
		A77DD342B8F34C2CB5FF45D3 /* MaterialCommunityIcons.ttf */ = {isa = PBXFileReference; explicitFileType = undefined; fileEncoding = 9; includeInIndex = 0; lastKnownFileType = unknown; name = MaterialCommunityIcons.ttf; path = "../node_modules/react-native-vector-icons/Fonts/MaterialCommunityIcons.ttf"; sourceTree = "<group>"; };
		B7572C09A9F34CDD8910139B /* Foundation.ttf */ = {isa = PBXFileReference; explicitFileType = undefined; fileEncoding = 9; includeInIndex = 0; lastKnownFileType = unknown; name = Foundation.ttf; path = "../node_modules/react-native-vector-icons/Fonts/Foundation.ttf"; sourceTree = "<group>"; };
		B816C9E3F82344BD938ADBB8 /* Pods-doracahl-tvOS.release.xcconfig */ = {isa = PBXFileReference; includeInIndex = 1; lastKnownFileType = text.xcconfig; name = "Pods-doracahl-tvOS.release.xcconfig"; path = "Target Support Files/Pods-doracahl-tvOS/Pods-doracahl-tvOS.release.xcconfig"; sourceTree = "<group>"; };
		CA74B71DD16843CBB5148DEF /* SimpleLineIcons.ttf */ = {isa = PBXFileReference; explicitFileType = undefined; fileEncoding = 9; includeInIndex = 0; lastKnownFileType = unknown; name = SimpleLineIcons.ttf; path = "../node_modules/react-native-vector-icons/Fonts/SimpleLineIcons.ttf"; sourceTree = "<group>"; };
		CA97FFE5164CAF6E612215DF /* libPods-doracahlTests.a */ = {isa = PBXFileReference; explicitFileType = archive.ar; includeInIndex = 0; path = "libPods-doracahlTests.a"; sourceTree = BUILT_PRODUCTS_DIR; };
		D2BAC539CAF347AABCCF61D2 /* Merriweather-Regular.ttf */ = {isa = PBXFileReference; explicitFileType = undefined; fileEncoding = 9; includeInIndex = 0; lastKnownFileType = unknown; name = "Merriweather-Regular.ttf"; path = "../assets/fonts/Merriweather-Regular.ttf"; sourceTree = "<group>"; };
		D60B58805F673E2DB7B999B6 /* Pods-doracahl.debug.xcconfig */ = {isa = PBXFileReference; includeInIndex = 1; lastKnownFileType = text.xcconfig; name = "Pods-doracahl.debug.xcconfig"; path = "Target Support Files/Pods-doracahl/Pods-doracahl.debug.xcconfig"; sourceTree = "<group>"; };
		DBDC6102DD9542A9A8EBBA02 /* Merriweather-Bold.ttf */ = {isa = PBXFileReference; explicitFileType = undefined; fileEncoding = 9; includeInIndex = 0; lastKnownFileType = unknown; name = "Merriweather-Bold.ttf"; path = "../assets/fonts/Merriweather-Bold.ttf"; sourceTree = "<group>"; };
		DD9A755E143C47E1A2B547E0 /* Ionicons.ttf */ = {isa = PBXFileReference; explicitFileType = undefined; fileEncoding = 9; includeInIndex = 0; lastKnownFileType = unknown; name = Ionicons.ttf; path = "../node_modules/react-native-vector-icons/Fonts/Ionicons.ttf"; sourceTree = "<group>"; };
		E5D53A37BD794874A2701FEA /* Zocial.ttf */ = {isa = PBXFileReference; explicitFileType = undefined; fileEncoding = 9; includeInIndex = 0; lastKnownFileType = unknown; name = Zocial.ttf; path = "../node_modules/react-native-vector-icons/Fonts/Zocial.ttf"; sourceTree = "<group>"; };
		EA1B9407A80F48CF9CB5AA36 /* Pods-doracahlTests.debug.xcconfig */ = {isa = PBXFileReference; includeInIndex = 1; lastKnownFileType = text.xcconfig; name = "Pods-doracahlTests.debug.xcconfig"; path = "Target Support Files/Pods-doracahlTests/Pods-doracahlTests.debug.xcconfig"; sourceTree = "<group>"; };
		EB3236AC19944D53AD8BB9F3 /* FontAwesome5_Solid.ttf */ = {isa = PBXFileReference; explicitFileType = undefined; fileEncoding = 9; includeInIndex = 0; lastKnownFileType = unknown; name = FontAwesome5_Solid.ttf; path = "../node_modules/react-native-vector-icons/Fonts/FontAwesome5_Solid.ttf"; sourceTree = "<group>"; };
		ED297162215061F000B7C4FE /* JavaScriptCore.framework */ = {isa = PBXFileReference; lastKnownFileType = wrapper.framework; name = JavaScriptCore.framework; path = System/Library/Frameworks/JavaScriptCore.framework; sourceTree = SDKROOT; };
		ED2971642150620600B7C4FE /* JavaScriptCore.framework */ = {isa = PBXFileReference; lastKnownFileType = wrapper.framework; name = JavaScriptCore.framework; path = Platforms/AppleTVOS.platform/Developer/SDKs/AppleTVOS12.0.sdk/System/Library/Frameworks/JavaScriptCore.framework; sourceTree = DEVELOPER_DIR; };
		F7E25892813C46F49F5C8E41 /* Merriweather-Black.ttf */ = {isa = PBXFileReference; explicitFileType = undefined; fileEncoding = 9; includeInIndex = 0; lastKnownFileType = unknown; name = "Merriweather-Black.ttf"; path = "../assets/fonts/Merriweather-Black.ttf"; sourceTree = "<group>"; };
/* End PBXFileReference section */

/* Begin PBXFrameworksBuildPhase section */
		00E356EB1AD99517003FC87E /* Frameworks */ = {
			isa = PBXFrameworksBuildPhase;
			buildActionMask = 2147483647;
			files = (
				5B6BFBBE0990C50F28AEABD0 /* libPods-doracahlTests.a in Frameworks */,
			);
			runOnlyForDeploymentPostprocessing = 0;
		};
		13B07F8C1A680F5B00A75B9A /* Frameworks */ = {
			isa = PBXFrameworksBuildPhase;
			buildActionMask = 2147483647;
			files = (
				8E603E992309AFF500B39239 /* EventKit.framework in Frameworks */,
				898DA332F03515EF5BE9854A /* libPods-doracahl.a in Frameworks */,
				8E85F0C12305AD32005B2614 /* libRNVectorIcons.a in Frameworks */,
			);
			runOnlyForDeploymentPostprocessing = 0;
		};
		2D02E4781E0B4A5D006451C7 /* Frameworks */ = {
			isa = PBXFrameworksBuildPhase;
			buildActionMask = 2147483647;
			files = (
				A8F32EAF97BDD9927038069B /* libPods-doracahl-tvOS.a in Frameworks */,
			);
			runOnlyForDeploymentPostprocessing = 0;
		};
		2D02E48D1E0B4A5D006451C7 /* Frameworks */ = {
			isa = PBXFrameworksBuildPhase;
			buildActionMask = 2147483647;
			files = (
				1F54CEF10BAC50F7CF0BC881 /* libPods-doracahl-tvOSTests.a in Frameworks */,
			);
			runOnlyForDeploymentPostprocessing = 0;
		};
/* End PBXFrameworksBuildPhase section */

/* Begin PBXGroup section */
		00E356EF1AD99517003FC87E /* doracahlTests */ = {
			isa = PBXGroup;
			children = (
				00E356F21AD99517003FC87E /* doracahlTests.m */,
				00E356F01AD99517003FC87E /* Supporting Files */,
			);
			path = doracahlTests;
			sourceTree = "<group>";
		};
		00E356F01AD99517003FC87E /* Supporting Files */ = {
			isa = PBXGroup;
			children = (
				00E356F11AD99517003FC87E /* Info.plist */,
			);
			name = "Supporting Files";
			sourceTree = "<group>";
		};
		13B07FAE1A68108700A75B9A /* doracahl */ = {
			isa = PBXGroup;
			children = (
				008F07F21AC5B25A0029DE68 /* main.jsbundle */,
				13B07FAF1A68108700A75B9A /* AppDelegate.h */,
				13B07FB01A68108700A75B9A /* AppDelegate.m */,
				13B07FB51A68108700A75B9A /* Images.xcassets */,
				13B07FB61A68108700A75B9A /* Info.plist */,
				13B07FB11A68108700A75B9A /* LaunchScreen.xib */,
				13B07FB71A68108700A75B9A /* main.m */,
			);
			name = doracahl;
			sourceTree = "<group>";
		};
		2D16E6871FA4F8E400B85C8A /* Frameworks */ = {
			isa = PBXGroup;
			children = (
				8E603E852309AFF500B39239 /* EventKit.framework */,
				ED297162215061F000B7C4FE /* JavaScriptCore.framework */,
				ED2971642150620600B7C4FE /* JavaScriptCore.framework */,
				31FDF527DFDB72D38E4D9039 /* libPods-doracahl.a */,
				0F1E70B37D9819C35D9DB41C /* libPods-doracahl-tvOS.a */,
				7E75527390C52DA7E9D70EAE /* libPods-doracahl-tvOSTests.a */,
				CA97FFE5164CAF6E612215DF /* libPods-doracahlTests.a */,
			);
			name = Frameworks;
			sourceTree = "<group>";
		};
		3F6494A3DE91A22CAB67C497 /* Pods */ = {
			isa = PBXGroup;
			children = (
				D60B58805F673E2DB7B999B6 /* Pods-doracahl.debug.xcconfig */,
				55E790C9343C4A0491CBD011 /* Pods-doracahl.release.xcconfig */,
				5B381C7595A0E3522ACB7C40 /* Pods-doracahl-tvOS.debug.xcconfig */,
				B816C9E3F82344BD938ADBB8 /* Pods-doracahl-tvOS.release.xcconfig */,
				5C13987D80FEBEFBAD8484EE /* Pods-doracahl-tvOSTests.debug.xcconfig */,
				823285E49D4C8E2F26648C49 /* Pods-doracahl-tvOSTests.release.xcconfig */,
				EA1B9407A80F48CF9CB5AA36 /* Pods-doracahlTests.debug.xcconfig */,
				68FAEC469A28B7C45FF5D2C0 /* Pods-doracahlTests.release.xcconfig */,
			);
			path = Pods;
			sourceTree = "<group>";
		};
		832341AE1AAA6A7D00B99B32 /* Libraries */ = {
			isa = PBXGroup;
			children = (
				8E603EB32309C85C00B39239 /* RNAddCalendarEvent.xcodeproj */,
				8E603E662309AEF500B39239 /* RNCalendarEvents.xcodeproj */,
				8E85F0B82305ACE5005B2614 /* RNVectorIcons.xcodeproj */,
			);
			name = Libraries;
			sourceTree = "<group>";
		};
		83CBB9F61A601CBA00E9B192 = {
			isa = PBXGroup;
			children = (
				8EA4CE072305B54700907A26 /* React.xcodeproj */,
				8E85F0C22305AE81005B2614 /* Fonts */,
				13B07FAE1A68108700A75B9A /* doracahl */,
				832341AE1AAA6A7D00B99B32 /* Libraries */,
				00E356EF1AD99517003FC87E /* doracahlTests */,
				83CBBA001A601CBA00E9B192 /* Products */,
				2D16E6871FA4F8E400B85C8A /* Frameworks */,
				3F6494A3DE91A22CAB67C497 /* Pods */,
				E3C8F9FF22594D1798958122 /* Resources */,
			);
			indentWidth = 2;
			sourceTree = "<group>";
			tabWidth = 2;
			usesTabs = 0;
		};
		83CBBA001A601CBA00E9B192 /* Products */ = {
			isa = PBXGroup;
			children = (
				13B07F961A680F5B00A75B9A /* doracahl.app */,
				00E356EE1AD99517003FC87E /* doracahlTests.xctest */,
				2D02E47B1E0B4A5D006451C7 /* doracahl-tvOS.app */,
				2D02E4901E0B4A5D006451C7 /* doracahl-tvOSTests.xctest */,
			);
			name = Products;
			sourceTree = "<group>";
		};
		8E603E672309AEF500B39239 /* Products */ = {
			isa = PBXGroup;
			children = (
				8E603E7B2309AEF500B39239 /* libRNCalendarEvents.a */,
			);
			name = Products;
			sourceTree = "<group>";
		};
		8E603EB42309C85C00B39239 /* Products */ = {
			isa = PBXGroup;
			children = (
				8E603EC82309C85C00B39239 /* libRNAddCalendarEvent.a */,
			);
			name = Products;
			sourceTree = "<group>";
		};
		8E85F0B92305ACE5005B2614 /* Products */ = {
			isa = PBXGroup;
			children = (
				8E85F0BE2305ACE5005B2614 /* libRNVectorIcons.a */,
				8E85F0C02305ACE5005B2614 /* libRNVectorIcons-tvOS.a */,
			);
			name = Products;
			sourceTree = "<group>";
		};
		8E85F0C22305AE81005B2614 /* Fonts */ = {
			isa = PBXGroup;
			children = (
				8E85F0C32305AE81005B2614 /* Fontisto.ttf */,
				8E85F0C42305AE81005B2614 /* Octicons.ttf */,
				8E85F0C52305AE81005B2614 /* Feather.ttf */,
				8E85F0C62305AE81005B2614 /* Entypo.ttf */,
				8E85F0C72305AE81005B2614 /* FontAwesome5_Brands.ttf */,
				8E85F0C82305AE81005B2614 /* MaterialCommunityIcons.ttf */,
				8E85F0C92305AE81005B2614 /* AntDesign.ttf */,
				8E85F0CA2305AE81005B2614 /* Foundation.ttf */,
				8E85F0CB2305AE81005B2614 /* Ionicons.ttf */,
				8E85F0CC2305AE81005B2614 /* FontAwesome5_Solid.ttf */,
				8E85F0CD2305AE81005B2614 /* FontAwesome5_Regular.ttf */,
				8E85F0CE2305AE81005B2614 /* FontAwesome.ttf */,
				8E85F0CF2305AE81005B2614 /* Zocial.ttf */,
				8E85F0D02305AE81005B2614 /* EvilIcons.ttf */,
				8E85F0D12305AE81005B2614 /* SimpleLineIcons.ttf */,
				8E85F0D22305AE81005B2614 /* MaterialIcons.ttf */,
			);
			name = Fonts;
			path = "../node_modules/react-native-vector-icons/Fonts";
			sourceTree = "<group>";
		};
		8EA4CE082305B54700907A26 /* Products */ = {
			isa = PBXGroup;
			children = (
				8EA4CE1B2305B54800907A26 /* libReact.a */,
				8EA4CE1D2305B54800907A26 /* libReact.a */,
				8EA4CE1F2305B54800907A26 /* libyoga.a */,
				8EA4CE212305B54800907A26 /* libyoga.a */,
				8EA4CE232305B54800907A26 /* libcxxreact.a */,
				8EA4CE252305B54800907A26 /* libcxxreact.a */,
				8EA4CE272305B54800907A26 /* libjsinspector.a */,
				8EA4CE292305B54800907A26 /* libjsinspector-tvOS.a */,
				8EA4CE2B2305B54800907A26 /* libthird-party.a */,
				8EA4CE2D2305B54800907A26 /* libthird-party.a */,
				8EA4CE2F2305B54800907A26 /* libdouble-conversion.a */,
				8EA4CE312305B54800907A26 /* libdouble-conversion.a */,
				8EA4CE332305B54800907A26 /* libjsi.a */,
				8EA4CE352305B54800907A26 /* libjsiexecutor.a */,
				8EA4CE372305B54800907A26 /* libjsi-tvOS.a */,
				8EA4CE392305B54800907A26 /* libjsiexecutor-tvOS.a */,
			);
			name = Products;
			sourceTree = "<group>";
		};
		E3C8F9FF22594D1798958122 /* Resources */ = {
			isa = PBXGroup;
			children = (
				618496F1B1DC46B392E78E82 /* AntDesign.ttf */,
				8CC819669D284F87B948092B /* Entypo.ttf */,
				768923426F474C6EAC9E8C42 /* EvilIcons.ttf */,
				30CF8BC7081B445CB1FBE661 /* Feather.ttf */,
				93BCF8E4C0EE4AF2A56E3BBB /* FontAwesome.ttf */,
				7DDAA798E8634FF1B1FD3869 /* FontAwesome5_Brands.ttf */,
				0A963892C0C64A37A3D2A02A /* FontAwesome5_Regular.ttf */,
				EB3236AC19944D53AD8BB9F3 /* FontAwesome5_Solid.ttf */,
				5ABDF86582DA40EFB74D77BE /* Fontisto.ttf */,
				B7572C09A9F34CDD8910139B /* Foundation.ttf */,
				DD9A755E143C47E1A2B547E0 /* Ionicons.ttf */,
				A77DD342B8F34C2CB5FF45D3 /* MaterialCommunityIcons.ttf */,
				6DDAFCDE209147DF8AAEDBB8 /* MaterialIcons.ttf */,
				4E4AD34F3EA942598E81ED00 /* Octicons.ttf */,
				CA74B71DD16843CBB5148DEF /* SimpleLineIcons.ttf */,
				E5D53A37BD794874A2701FEA /* Zocial.ttf */,
				F7E25892813C46F49F5C8E41 /* Merriweather-Black.ttf */,
				8D901E90E72F4AE4AB7AC4B6 /* Merriweather-BlackItalic.ttf */,
				DBDC6102DD9542A9A8EBBA02 /* Merriweather-Bold.ttf */,
				574C15103B5745B486BEED21 /* Merriweather-BoldItalic.ttf */,
				78FF579044A4476C9C6D66FA /* Merriweather-Italic.ttf */,
				6F3CCF1BECE1422781C5F413 /* Merriweather-Light.ttf */,
				15029FA047F948E9B2684C80 /* Merriweather-LightItalic.ttf */,
				D2BAC539CAF347AABCCF61D2 /* Merriweather-Regular.ttf */,
			);
			name = Resources;
			sourceTree = "<group>";
		};
/* End PBXGroup section */

/* Begin PBXNativeTarget section */
		00E356ED1AD99517003FC87E /* doracahlTests */ = {
			isa = PBXNativeTarget;
			buildConfigurationList = 00E357021AD99517003FC87E /* Build configuration list for PBXNativeTarget "doracahlTests" */;
			buildPhases = (
				451D264488B6033A7D641455 /* [CP] Check Pods Manifest.lock */,
				00E356EA1AD99517003FC87E /* Sources */,
				00E356EB1AD99517003FC87E /* Frameworks */,
				00E356EC1AD99517003FC87E /* Resources */,
			);
			buildRules = (
			);
			dependencies = (
				00E356F51AD99517003FC87E /* PBXTargetDependency */,
			);
			name = doracahlTests;
			productName = doracahlTests;
			productReference = 00E356EE1AD99517003FC87E /* doracahlTests.xctest */;
			productType = "com.apple.product-type.bundle.unit-test";
		};
		13B07F861A680F5B00A75B9A /* doracahl */ = {
			isa = PBXNativeTarget;
			buildConfigurationList = 13B07F931A680F5B00A75B9A /* Build configuration list for PBXNativeTarget "doracahl" */;
			buildPhases = (
				CC3F567A356FC750DCC12AB5 /* [CP] Check Pods Manifest.lock */,
				FD10A7F022414F080027D42C /* Start Packager */,
				13B07F871A680F5B00A75B9A /* Sources */,
				13B07F8C1A680F5B00A75B9A /* Frameworks */,
				13B07F8E1A680F5B00A75B9A /* Resources */,
				00DD1BFF1BD5951E006B06BC /* Bundle React Native code and images */,
				5FBD4203D20DEAF57E1B2D27 /* [CP] Copy Pods Resources */,
			);
			buildRules = (
			);
			dependencies = (
			);
			name = doracahl;
			productName = doracahl;
			productReference = 13B07F961A680F5B00A75B9A /* doracahl.app */;
			productType = "com.apple.product-type.application";
		};
		2D02E47A1E0B4A5D006451C7 /* doracahl-tvOS */ = {
			isa = PBXNativeTarget;
			buildConfigurationList = 2D02E4BA1E0B4A5E006451C7 /* Build configuration list for PBXNativeTarget "doracahl-tvOS" */;
			buildPhases = (
				3AF088D7B8575AD2FC71E703 /* [CP] Check Pods Manifest.lock */,
				FD10A7F122414F3F0027D42C /* Start Packager */,
				2D02E4771E0B4A5D006451C7 /* Sources */,
				2D02E4781E0B4A5D006451C7 /* Frameworks */,
				2D02E4791E0B4A5D006451C7 /* Resources */,
				2D02E4CB1E0B4B27006451C7 /* Bundle React Native Code And Images */,
			);
			buildRules = (
			);
			dependencies = (
			);
			name = "doracahl-tvOS";
			productName = "doracahl-tvOS";
			productReference = 2D02E47B1E0B4A5D006451C7 /* doracahl-tvOS.app */;
			productType = "com.apple.product-type.application";
		};
		2D02E48F1E0B4A5D006451C7 /* doracahl-tvOSTests */ = {
			isa = PBXNativeTarget;
			buildConfigurationList = 2D02E4BB1E0B4A5E006451C7 /* Build configuration list for PBXNativeTarget "doracahl-tvOSTests" */;
			buildPhases = (
				6085FDB34AA2574DD506BEFC /* [CP] Check Pods Manifest.lock */,
				2D02E48C1E0B4A5D006451C7 /* Sources */,
				2D02E48D1E0B4A5D006451C7 /* Frameworks */,
				2D02E48E1E0B4A5D006451C7 /* Resources */,
			);
			buildRules = (
			);
			dependencies = (
				2D02E4921E0B4A5D006451C7 /* PBXTargetDependency */,
			);
			name = "doracahl-tvOSTests";
			productName = "doracahl-tvOSTests";
			productReference = 2D02E4901E0B4A5D006451C7 /* doracahl-tvOSTests.xctest */;
			productType = "com.apple.product-type.bundle.unit-test";
		};
/* End PBXNativeTarget section */

/* Begin PBXProject section */
		83CBB9F71A601CBA00E9B192 /* Project object */ = {
			isa = PBXProject;
			attributes = {
				LastUpgradeCheck = 940;
				ORGANIZATIONNAME = Facebook;
				TargetAttributes = {
					00E356ED1AD99517003FC87E = {
						CreatedOnToolsVersion = 6.2;
						TestTargetID = 13B07F861A680F5B00A75B9A;
					};
					13B07F861A680F5B00A75B9A = {
						DevelopmentTeam = W6WFB3GN9H;
					};
					2D02E47A1E0B4A5D006451C7 = {
						CreatedOnToolsVersion = 8.2.1;
						ProvisioningStyle = Automatic;
					};
					2D02E48F1E0B4A5D006451C7 = {
						CreatedOnToolsVersion = 8.2.1;
						ProvisioningStyle = Automatic;
						TestTargetID = 2D02E47A1E0B4A5D006451C7;
					};
				};
			};
			buildConfigurationList = 83CBB9FA1A601CBA00E9B192 /* Build configuration list for PBXProject "doracahl" */;
			compatibilityVersion = "Xcode 3.2";
			developmentRegion = English;
			hasScannedForEncodings = 0;
			knownRegions = (
				English,
				en,
				Base,
			);
			mainGroup = 83CBB9F61A601CBA00E9B192;
			productRefGroup = 83CBBA001A601CBA00E9B192 /* Products */;
			projectDirPath = "";
			projectReferences = (
				{
					ProductGroup = 8EA4CE082305B54700907A26 /* Products */;
					ProjectRef = 8EA4CE072305B54700907A26 /* React.xcodeproj */;
				},
				{
					ProductGroup = 8E603EB42309C85C00B39239 /* Products */;
					ProjectRef = 8E603EB32309C85C00B39239 /* RNAddCalendarEvent.xcodeproj */;
				},
				{
					ProductGroup = 8E603E672309AEF500B39239 /* Products */;
					ProjectRef = 8E603E662309AEF500B39239 /* RNCalendarEvents.xcodeproj */;
				},
				{
					ProductGroup = 8E85F0B92305ACE5005B2614 /* Products */;
					ProjectRef = 8E85F0B82305ACE5005B2614 /* RNVectorIcons.xcodeproj */;
				},
			);
			projectRoot = "";
			targets = (
				13B07F861A680F5B00A75B9A /* doracahl */,
				00E356ED1AD99517003FC87E /* doracahlTests */,
				2D02E47A1E0B4A5D006451C7 /* doracahl-tvOS */,
				2D02E48F1E0B4A5D006451C7 /* doracahl-tvOSTests */,
			);
		};
/* End PBXProject section */

/* Begin PBXReferenceProxy section */
		8E603E7B2309AEF500B39239 /* libRNCalendarEvents.a */ = {
			isa = PBXReferenceProxy;
			fileType = archive.ar;
			path = libRNCalendarEvents.a;
			remoteRef = 8E603E7A2309AEF500B39239 /* PBXContainerItemProxy */;
			sourceTree = BUILT_PRODUCTS_DIR;
		};
		8E603EC82309C85C00B39239 /* libRNAddCalendarEvent.a */ = {
			isa = PBXReferenceProxy;
			fileType = archive.ar;
			path = libRNAddCalendarEvent.a;
			remoteRef = 8E603EC72309C85C00B39239 /* PBXContainerItemProxy */;
			sourceTree = BUILT_PRODUCTS_DIR;
		};
		8E85F0BE2305ACE5005B2614 /* libRNVectorIcons.a */ = {
			isa = PBXReferenceProxy;
			fileType = archive.ar;
			path = libRNVectorIcons.a;
			remoteRef = 8E85F0BD2305ACE5005B2614 /* PBXContainerItemProxy */;
			sourceTree = BUILT_PRODUCTS_DIR;
		};
		8E85F0C02305ACE5005B2614 /* libRNVectorIcons-tvOS.a */ = {
			isa = PBXReferenceProxy;
			fileType = archive.ar;
			path = "libRNVectorIcons-tvOS.a";
			remoteRef = 8E85F0BF2305ACE5005B2614 /* PBXContainerItemProxy */;
			sourceTree = BUILT_PRODUCTS_DIR;
		};
		8EA4CE1B2305B54800907A26 /* libReact.a */ = {
			isa = PBXReferenceProxy;
			fileType = archive.ar;
			path = libReact.a;
			remoteRef = 8EA4CE1A2305B54800907A26 /* PBXContainerItemProxy */;
			sourceTree = BUILT_PRODUCTS_DIR;
		};
		8EA4CE1D2305B54800907A26 /* libReact.a */ = {
			isa = PBXReferenceProxy;
			fileType = archive.ar;
			path = libReact.a;
			remoteRef = 8EA4CE1C2305B54800907A26 /* PBXContainerItemProxy */;
			sourceTree = BUILT_PRODUCTS_DIR;
		};
		8EA4CE1F2305B54800907A26 /* libyoga.a */ = {
			isa = PBXReferenceProxy;
			fileType = archive.ar;
			path = libyoga.a;
			remoteRef = 8EA4CE1E2305B54800907A26 /* PBXContainerItemProxy */;
			sourceTree = BUILT_PRODUCTS_DIR;
		};
		8EA4CE212305B54800907A26 /* libyoga.a */ = {
			isa = PBXReferenceProxy;
			fileType = archive.ar;
			path = libyoga.a;
			remoteRef = 8EA4CE202305B54800907A26 /* PBXContainerItemProxy */;
			sourceTree = BUILT_PRODUCTS_DIR;
		};
		8EA4CE232305B54800907A26 /* libcxxreact.a */ = {
			isa = PBXReferenceProxy;
			fileType = archive.ar;
			path = libcxxreact.a;
			remoteRef = 8EA4CE222305B54800907A26 /* PBXContainerItemProxy */;
			sourceTree = BUILT_PRODUCTS_DIR;
		};
		8EA4CE252305B54800907A26 /* libcxxreact.a */ = {
			isa = PBXReferenceProxy;
			fileType = archive.ar;
			path = libcxxreact.a;
			remoteRef = 8EA4CE242305B54800907A26 /* PBXContainerItemProxy */;
			sourceTree = BUILT_PRODUCTS_DIR;
		};
		8EA4CE272305B54800907A26 /* libjsinspector.a */ = {
			isa = PBXReferenceProxy;
			fileType = archive.ar;
			path = libjsinspector.a;
			remoteRef = 8EA4CE262305B54800907A26 /* PBXContainerItemProxy */;
			sourceTree = BUILT_PRODUCTS_DIR;
		};
		8EA4CE292305B54800907A26 /* libjsinspector-tvOS.a */ = {
			isa = PBXReferenceProxy;
			fileType = archive.ar;
			path = "libjsinspector-tvOS.a";
			remoteRef = 8EA4CE282305B54800907A26 /* PBXContainerItemProxy */;
			sourceTree = BUILT_PRODUCTS_DIR;
		};
		8EA4CE2B2305B54800907A26 /* libthird-party.a */ = {
			isa = PBXReferenceProxy;
			fileType = archive.ar;
			path = "libthird-party.a";
			remoteRef = 8EA4CE2A2305B54800907A26 /* PBXContainerItemProxy */;
			sourceTree = BUILT_PRODUCTS_DIR;
		};
		8EA4CE2D2305B54800907A26 /* libthird-party.a */ = {
			isa = PBXReferenceProxy;
			fileType = archive.ar;
			path = "libthird-party.a";
			remoteRef = 8EA4CE2C2305B54800907A26 /* PBXContainerItemProxy */;
			sourceTree = BUILT_PRODUCTS_DIR;
		};
		8EA4CE2F2305B54800907A26 /* libdouble-conversion.a */ = {
			isa = PBXReferenceProxy;
			fileType = archive.ar;
			path = "libdouble-conversion.a";
			remoteRef = 8EA4CE2E2305B54800907A26 /* PBXContainerItemProxy */;
			sourceTree = BUILT_PRODUCTS_DIR;
		};
		8EA4CE312305B54800907A26 /* libdouble-conversion.a */ = {
			isa = PBXReferenceProxy;
			fileType = archive.ar;
			path = "libdouble-conversion.a";
			remoteRef = 8EA4CE302305B54800907A26 /* PBXContainerItemProxy */;
			sourceTree = BUILT_PRODUCTS_DIR;
		};
		8EA4CE332305B54800907A26 /* libjsi.a */ = {
			isa = PBXReferenceProxy;
			fileType = archive.ar;
			path = libjsi.a;
			remoteRef = 8EA4CE322305B54800907A26 /* PBXContainerItemProxy */;
			sourceTree = BUILT_PRODUCTS_DIR;
		};
		8EA4CE352305B54800907A26 /* libjsiexecutor.a */ = {
			isa = PBXReferenceProxy;
			fileType = archive.ar;
			path = libjsiexecutor.a;
			remoteRef = 8EA4CE342305B54800907A26 /* PBXContainerItemProxy */;
			sourceTree = BUILT_PRODUCTS_DIR;
		};
		8EA4CE372305B54800907A26 /* libjsi-tvOS.a */ = {
			isa = PBXReferenceProxy;
			fileType = archive.ar;
			path = "libjsi-tvOS.a";
			remoteRef = 8EA4CE362305B54800907A26 /* PBXContainerItemProxy */;
			sourceTree = BUILT_PRODUCTS_DIR;
		};
		8EA4CE392305B54800907A26 /* libjsiexecutor-tvOS.a */ = {
			isa = PBXReferenceProxy;
			fileType = archive.ar;
			path = "libjsiexecutor-tvOS.a";
			remoteRef = 8EA4CE382305B54800907A26 /* PBXContainerItemProxy */;
			sourceTree = BUILT_PRODUCTS_DIR;
		};
/* End PBXReferenceProxy section */

/* Begin PBXResourcesBuildPhase section */
		00E356EC1AD99517003FC87E /* Resources */ = {
			isa = PBXResourcesBuildPhase;
			buildActionMask = 2147483647;
			files = (
			);
			runOnlyForDeploymentPostprocessing = 0;
		};
		13B07F8E1A680F5B00A75B9A /* Resources */ = {
			isa = PBXResourcesBuildPhase;
			buildActionMask = 2147483647;
			files = (
				13B07FBF1A68108700A75B9A /* Images.xcassets in Resources */,
				8E85F0DF2305AE81005B2614 /* Zocial.ttf in Resources */,
				8E85F0D62305AE81005B2614 /* Entypo.ttf in Resources */,
				8E85F0DB2305AE81005B2614 /* Ionicons.ttf in Resources */,
				13B07FBD1A68108700A75B9A /* LaunchScreen.xib in Resources */,
				47112BAACDEF439BA2484DB3 /* AntDesign.ttf in Resources */,
				8E85F0D92305AE81005B2614 /* AntDesign.ttf in Resources */,
				22DA5BE626354DBF907C7A45 /* Entypo.ttf in Resources */,
				0081F63F1A2241D88405D8BE /* EvilIcons.ttf in Resources */,
				1007D4841C7C474C9C34A6EB /* Feather.ttf in Resources */,
				8E85F0DD2305AE81005B2614 /* FontAwesome5_Regular.ttf in Resources */,
				6773F290AE21415C9CA5418E /* FontAwesome.ttf in Resources */,
				8E85F0DE2305AE81005B2614 /* FontAwesome.ttf in Resources */,
				8E85F0DA2305AE81005B2614 /* Foundation.ttf in Resources */,
				7C8A09031C97404DA8D4DE6B /* FontAwesome5_Brands.ttf in Resources */,
				8E85F0D52305AE81005B2614 /* Feather.ttf in Resources */,
				38963BB8564743B1BCF59254 /* FontAwesome5_Regular.ttf in Resources */,
				56F766EB9BF540A0B436459F /* FontAwesome5_Solid.ttf in Resources */,
				8E85F0D42305AE81005B2614 /* Octicons.ttf in Resources */,
				8E85F0D32305AE81005B2614 /* Fontisto.ttf in Resources */,
				CAAA6EDC9E9B4EB8B18851EF /* Fontisto.ttf in Resources */,
				8E85F0E02305AE81005B2614 /* EvilIcons.ttf in Resources */,
				BB8132985A31401FA3006361 /* Foundation.ttf in Resources */,
				A05A5A42E33F47BDBFF77C5D /* Ionicons.ttf in Resources */,
				8E85F0D72305AE81005B2614 /* FontAwesome5_Brands.ttf in Resources */,
				8E85F0DC2305AE81005B2614 /* FontAwesome5_Solid.ttf in Resources */,
				8E85F0E12305AE81005B2614 /* SimpleLineIcons.ttf in Resources */,
				99930A2EE87A4B62B1EA586D /* MaterialCommunityIcons.ttf in Resources */,
				8E85F0E22305AE81005B2614 /* MaterialIcons.ttf in Resources */,
				793B7B56E987408DB6003B92 /* MaterialIcons.ttf in Resources */,
				2D6BC6DDBC0140F9A6622231 /* Octicons.ttf in Resources */,
				F607A1CE4D67422A8712EA0E /* SimpleLineIcons.ttf in Resources */,
				8E85F0D82305AE81005B2614 /* MaterialCommunityIcons.ttf in Resources */,
				EF7B77DE676D4235BBA4DDAA /* Zocial.ttf in Resources */,
				BC1C600491D24431BB4F0F3A /* Merriweather-Black.ttf in Resources */,
				53AB941AE4EF4CC1A02F4FA1 /* Merriweather-BlackItalic.ttf in Resources */,
				B16824D371A44849A0715C6E /* Merriweather-Bold.ttf in Resources */,
				0F022871E39D46F59CF13175 /* Merriweather-BoldItalic.ttf in Resources */,
				13C095519B974B71BA350A3A /* Merriweather-Italic.ttf in Resources */,
				B2D26CCC530C448AB7502636 /* Merriweather-Light.ttf in Resources */,
				3277F1A8BEC74435887059AF /* Merriweather-LightItalic.ttf in Resources */,
				8C431B7AB43D4D308F4E0AF7 /* Merriweather-Regular.ttf in Resources */,
			);
			runOnlyForDeploymentPostprocessing = 0;
		};
		2D02E4791E0B4A5D006451C7 /* Resources */ = {
			isa = PBXResourcesBuildPhase;
			buildActionMask = 2147483647;
			files = (
				2D02E4BD1E0B4A84006451C7 /* Images.xcassets in Resources */,
			);
			runOnlyForDeploymentPostprocessing = 0;
		};
		2D02E48E1E0B4A5D006451C7 /* Resources */ = {
			isa = PBXResourcesBuildPhase;
			buildActionMask = 2147483647;
			files = (
			);
			runOnlyForDeploymentPostprocessing = 0;
		};
/* End PBXResourcesBuildPhase section */

/* Begin PBXShellScriptBuildPhase section */
		00DD1BFF1BD5951E006B06BC /* Bundle React Native code and images */ = {
			isa = PBXShellScriptBuildPhase;
			buildActionMask = 2147483647;
			files = (
			);
			inputPaths = (
			);
			name = "Bundle React Native code and images";
			outputPaths = (
			);
			runOnlyForDeploymentPostprocessing = 0;
			shellPath = /bin/sh;
			shellScript = "export NODE_BINARY=node\n../node_modules/react-native/scripts/react-native-xcode.sh";
		};
		2D02E4CB1E0B4B27006451C7 /* Bundle React Native Code And Images */ = {
			isa = PBXShellScriptBuildPhase;
			buildActionMask = 2147483647;
			files = (
			);
			inputPaths = (
			);
			name = "Bundle React Native Code And Images";
			outputPaths = (
			);
			runOnlyForDeploymentPostprocessing = 0;
			shellPath = /bin/sh;
			shellScript = "export NODE_BINARY=node\n../node_modules/react-native/scripts/react-native-xcode.sh";
		};
		3AF088D7B8575AD2FC71E703 /* [CP] Check Pods Manifest.lock */ = {
			isa = PBXShellScriptBuildPhase;
			buildActionMask = 2147483647;
			files = (
			);
			inputFileListPaths = (
			);
			inputPaths = (
				"${PODS_PODFILE_DIR_PATH}/Podfile.lock",
				"${PODS_ROOT}/Manifest.lock",
			);
			name = "[CP] Check Pods Manifest.lock";
			outputFileListPaths = (
			);
			outputPaths = (
				"$(DERIVED_FILE_DIR)/Pods-doracahl-tvOS-checkManifestLockResult.txt",
			);
			runOnlyForDeploymentPostprocessing = 0;
			shellPath = /bin/sh;
			shellScript = "diff \"${PODS_PODFILE_DIR_PATH}/Podfile.lock\" \"${PODS_ROOT}/Manifest.lock\" > /dev/null\nif [ $? != 0 ] ; then\n    # print error to STDERR\n    echo \"error: The sandbox is not in sync with the Podfile.lock. Run 'pod install' or update your CocoaPods installation.\" >&2\n    exit 1\nfi\n# This output is used by Xcode 'outputs' to avoid re-running this script phase.\necho \"SUCCESS\" > \"${SCRIPT_OUTPUT_FILE_0}\"\n";
			showEnvVarsInLog = 0;
		};
		451D264488B6033A7D641455 /* [CP] Check Pods Manifest.lock */ = {
			isa = PBXShellScriptBuildPhase;
			buildActionMask = 2147483647;
			files = (
			);
			inputFileListPaths = (
			);
			inputPaths = (
				"${PODS_PODFILE_DIR_PATH}/Podfile.lock",
				"${PODS_ROOT}/Manifest.lock",
			);
			name = "[CP] Check Pods Manifest.lock";
			outputFileListPaths = (
			);
			outputPaths = (
				"$(DERIVED_FILE_DIR)/Pods-doracahlTests-checkManifestLockResult.txt",
			);
			runOnlyForDeploymentPostprocessing = 0;
			shellPath = /bin/sh;
			shellScript = "diff \"${PODS_PODFILE_DIR_PATH}/Podfile.lock\" \"${PODS_ROOT}/Manifest.lock\" > /dev/null\nif [ $? != 0 ] ; then\n    # print error to STDERR\n    echo \"error: The sandbox is not in sync with the Podfile.lock. Run 'pod install' or update your CocoaPods installation.\" >&2\n    exit 1\nfi\n# This output is used by Xcode 'outputs' to avoid re-running this script phase.\necho \"SUCCESS\" > \"${SCRIPT_OUTPUT_FILE_0}\"\n";
			showEnvVarsInLog = 0;
		};
		5FBD4203D20DEAF57E1B2D27 /* [CP] Copy Pods Resources */ = {
			isa = PBXShellScriptBuildPhase;
			buildActionMask = 2147483647;
			files = (
			);
			inputPaths = (
				"${PODS_ROOT}/Target Support Files/Pods-doracahl/Pods-doracahl-resources.sh",
				"${PODS_ROOT}/GoogleMaps/Maps/Frameworks/GoogleMaps.framework/Resources/GoogleMaps.bundle",
				"${PODS_ROOT}/../../node_modules/react-native-vector-icons/Fonts/AntDesign.ttf",
				"${PODS_ROOT}/../../node_modules/react-native-vector-icons/Fonts/Entypo.ttf",
				"${PODS_ROOT}/../../node_modules/react-native-vector-icons/Fonts/EvilIcons.ttf",
				"${PODS_ROOT}/../../node_modules/react-native-vector-icons/Fonts/Feather.ttf",
				"${PODS_ROOT}/../../node_modules/react-native-vector-icons/Fonts/FontAwesome.ttf",
				"${PODS_ROOT}/../../node_modules/react-native-vector-icons/Fonts/FontAwesome5_Brands.ttf",
				"${PODS_ROOT}/../../node_modules/react-native-vector-icons/Fonts/FontAwesome5_Regular.ttf",
				"${PODS_ROOT}/../../node_modules/react-native-vector-icons/Fonts/FontAwesome5_Solid.ttf",
				"${PODS_ROOT}/../../node_modules/react-native-vector-icons/Fonts/Fontisto.ttf",
				"${PODS_ROOT}/../../node_modules/react-native-vector-icons/Fonts/Foundation.ttf",
				"${PODS_ROOT}/../../node_modules/react-native-vector-icons/Fonts/Ionicons.ttf",
				"${PODS_ROOT}/../../node_modules/react-native-vector-icons/Fonts/MaterialCommunityIcons.ttf",
				"${PODS_ROOT}/../../node_modules/react-native-vector-icons/Fonts/MaterialIcons.ttf",
				"${PODS_ROOT}/../../node_modules/react-native-vector-icons/Fonts/Octicons.ttf",
				"${PODS_ROOT}/../../node_modules/react-native-vector-icons/Fonts/SimpleLineIcons.ttf",
				"${PODS_ROOT}/../../node_modules/react-native-vector-icons/Fonts/Zocial.ttf",
			);
			name = "[CP] Copy Pods Resources";
			outputPaths = (
				"${TARGET_BUILD_DIR}/${UNLOCALIZED_RESOURCES_FOLDER_PATH}/GoogleMaps.bundle",
				"${TARGET_BUILD_DIR}/${UNLOCALIZED_RESOURCES_FOLDER_PATH}/AntDesign.ttf",
				"${TARGET_BUILD_DIR}/${UNLOCALIZED_RESOURCES_FOLDER_PATH}/Entypo.ttf",
				"${TARGET_BUILD_DIR}/${UNLOCALIZED_RESOURCES_FOLDER_PATH}/EvilIcons.ttf",
				"${TARGET_BUILD_DIR}/${UNLOCALIZED_RESOURCES_FOLDER_PATH}/Feather.ttf",
				"${TARGET_BUILD_DIR}/${UNLOCALIZED_RESOURCES_FOLDER_PATH}/FontAwesome.ttf",
				"${TARGET_BUILD_DIR}/${UNLOCALIZED_RESOURCES_FOLDER_PATH}/FontAwesome5_Brands.ttf",
				"${TARGET_BUILD_DIR}/${UNLOCALIZED_RESOURCES_FOLDER_PATH}/FontAwesome5_Regular.ttf",
				"${TARGET_BUILD_DIR}/${UNLOCALIZED_RESOURCES_FOLDER_PATH}/FontAwesome5_Solid.ttf",
				"${TARGET_BUILD_DIR}/${UNLOCALIZED_RESOURCES_FOLDER_PATH}/Fontisto.ttf",
				"${TARGET_BUILD_DIR}/${UNLOCALIZED_RESOURCES_FOLDER_PATH}/Foundation.ttf",
				"${TARGET_BUILD_DIR}/${UNLOCALIZED_RESOURCES_FOLDER_PATH}/Ionicons.ttf",
				"${TARGET_BUILD_DIR}/${UNLOCALIZED_RESOURCES_FOLDER_PATH}/MaterialCommunityIcons.ttf",
				"${TARGET_BUILD_DIR}/${UNLOCALIZED_RESOURCES_FOLDER_PATH}/MaterialIcons.ttf",
				"${TARGET_BUILD_DIR}/${UNLOCALIZED_RESOURCES_FOLDER_PATH}/Octicons.ttf",
				"${TARGET_BUILD_DIR}/${UNLOCALIZED_RESOURCES_FOLDER_PATH}/SimpleLineIcons.ttf",
				"${TARGET_BUILD_DIR}/${UNLOCALIZED_RESOURCES_FOLDER_PATH}/Zocial.ttf",
			);
			runOnlyForDeploymentPostprocessing = 0;
			shellPath = /bin/sh;
			shellScript = "\"${PODS_ROOT}/Target Support Files/Pods-doracahl/Pods-doracahl-resources.sh\"\n";
			showEnvVarsInLog = 0;
		};
		6085FDB34AA2574DD506BEFC /* [CP] Check Pods Manifest.lock */ = {
			isa = PBXShellScriptBuildPhase;
			buildActionMask = 2147483647;
			files = (
			);
			inputFileListPaths = (
			);
			inputPaths = (
				"${PODS_PODFILE_DIR_PATH}/Podfile.lock",
				"${PODS_ROOT}/Manifest.lock",
			);
			name = "[CP] Check Pods Manifest.lock";
			outputFileListPaths = (
			);
			outputPaths = (
				"$(DERIVED_FILE_DIR)/Pods-doracahl-tvOSTests-checkManifestLockResult.txt",
			);
			runOnlyForDeploymentPostprocessing = 0;
			shellPath = /bin/sh;
			shellScript = "diff \"${PODS_PODFILE_DIR_PATH}/Podfile.lock\" \"${PODS_ROOT}/Manifest.lock\" > /dev/null\nif [ $? != 0 ] ; then\n    # print error to STDERR\n    echo \"error: The sandbox is not in sync with the Podfile.lock. Run 'pod install' or update your CocoaPods installation.\" >&2\n    exit 1\nfi\n# This output is used by Xcode 'outputs' to avoid re-running this script phase.\necho \"SUCCESS\" > \"${SCRIPT_OUTPUT_FILE_0}\"\n";
			showEnvVarsInLog = 0;
		};
		CC3F567A356FC750DCC12AB5 /* [CP] Check Pods Manifest.lock */ = {
			isa = PBXShellScriptBuildPhase;
			buildActionMask = 2147483647;
			files = (
			);
			inputFileListPaths = (
			);
			inputPaths = (
				"${PODS_PODFILE_DIR_PATH}/Podfile.lock",
				"${PODS_ROOT}/Manifest.lock",
			);
			name = "[CP] Check Pods Manifest.lock";
			outputFileListPaths = (
			);
			outputPaths = (
				"$(DERIVED_FILE_DIR)/Pods-doracahl-checkManifestLockResult.txt",
			);
			runOnlyForDeploymentPostprocessing = 0;
			shellPath = /bin/sh;
			shellScript = "diff \"${PODS_PODFILE_DIR_PATH}/Podfile.lock\" \"${PODS_ROOT}/Manifest.lock\" > /dev/null\nif [ $? != 0 ] ; then\n    # print error to STDERR\n    echo \"error: The sandbox is not in sync with the Podfile.lock. Run 'pod install' or update your CocoaPods installation.\" >&2\n    exit 1\nfi\n# This output is used by Xcode 'outputs' to avoid re-running this script phase.\necho \"SUCCESS\" > \"${SCRIPT_OUTPUT_FILE_0}\"\n";
			showEnvVarsInLog = 0;
		};
		FD10A7F022414F080027D42C /* Start Packager */ = {
			isa = PBXShellScriptBuildPhase;
			buildActionMask = 2147483647;
			files = (
			);
			inputFileListPaths = (
			);
			inputPaths = (
			);
			name = "Start Packager";
			outputFileListPaths = (
			);
			outputPaths = (
			);
			runOnlyForDeploymentPostprocessing = 0;
			shellPath = /bin/sh;
			shellScript = "export RCT_METRO_PORT=\"${RCT_METRO_PORT:=8081}\"\necho \"export RCT_METRO_PORT=${RCT_METRO_PORT}\" > \"${SRCROOT}/../node_modules/react-native/scripts/.packager.env\"\nif [ -z \"${RCT_NO_LAUNCH_PACKAGER+xxx}\" ] ; then\n  if nc -w 5 -z localhost ${RCT_METRO_PORT} ; then\n    if ! curl -s \"http://localhost:${RCT_METRO_PORT}/status\" | grep -q \"packager-status:running\" ; then\n      echo \"Port ${RCT_METRO_PORT} already in use, packager is either not running or not running correctly\"\n      exit 2\n    fi\n  else\n    open \"$SRCROOT/../node_modules/react-native/scripts/launchPackager.command\" || echo \"Can't start packager automatically\"\n  fi\nfi\n";
			showEnvVarsInLog = 0;
		};
		FD10A7F122414F3F0027D42C /* Start Packager */ = {
			isa = PBXShellScriptBuildPhase;
			buildActionMask = 2147483647;
			files = (
			);
			inputFileListPaths = (
			);
			inputPaths = (
			);
			name = "Start Packager";
			outputFileListPaths = (
			);
			outputPaths = (
			);
			runOnlyForDeploymentPostprocessing = 0;
			shellPath = /bin/sh;
			shellScript = "export RCT_METRO_PORT=\"${RCT_METRO_PORT:=8081}\"\necho \"export RCT_METRO_PORT=${RCT_METRO_PORT}\" > \"${SRCROOT}/../node_modules/react-native/scripts/.packager.env\"\nif [ -z \"${RCT_NO_LAUNCH_PACKAGER+xxx}\" ] ; then\n  if nc -w 5 -z localhost ${RCT_METRO_PORT} ; then\n    if ! curl -s \"http://localhost:${RCT_METRO_PORT}/status\" | grep -q \"packager-status:running\" ; then\n      echo \"Port ${RCT_METRO_PORT} already in use, packager is either not running or not running correctly\"\n      exit 2\n    fi\n  else\n    open \"$SRCROOT/../node_modules/react-native/scripts/launchPackager.command\" || echo \"Can't start packager automatically\"\n  fi\nfi\n";
			showEnvVarsInLog = 0;
		};
/* End PBXShellScriptBuildPhase section */

/* Begin PBXSourcesBuildPhase section */
		00E356EA1AD99517003FC87E /* Sources */ = {
			isa = PBXSourcesBuildPhase;
			buildActionMask = 2147483647;
			files = (
				00E356F31AD99517003FC87E /* doracahlTests.m in Sources */,
			);
			runOnlyForDeploymentPostprocessing = 0;
		};
		13B07F871A680F5B00A75B9A /* Sources */ = {
			isa = PBXSourcesBuildPhase;
			buildActionMask = 2147483647;
			files = (
				13B07FBC1A68108700A75B9A /* AppDelegate.m in Sources */,
				13B07FC11A68108700A75B9A /* main.m in Sources */,
			);
			runOnlyForDeploymentPostprocessing = 0;
		};
		2D02E4771E0B4A5D006451C7 /* Sources */ = {
			isa = PBXSourcesBuildPhase;
			buildActionMask = 2147483647;
			files = (
				2D02E4BF1E0B4AB3006451C7 /* main.m in Sources */,
				2D02E4BC1E0B4A80006451C7 /* AppDelegate.m in Sources */,
			);
			runOnlyForDeploymentPostprocessing = 0;
		};
		2D02E48C1E0B4A5D006451C7 /* Sources */ = {
			isa = PBXSourcesBuildPhase;
			buildActionMask = 2147483647;
			files = (
				2DCD954D1E0B4F2C00145EB5 /* doracahlTests.m in Sources */,
			);
			runOnlyForDeploymentPostprocessing = 0;
		};
/* End PBXSourcesBuildPhase section */

/* Begin PBXTargetDependency section */
		00E356F51AD99517003FC87E /* PBXTargetDependency */ = {
			isa = PBXTargetDependency;
			target = 13B07F861A680F5B00A75B9A /* doracahl */;
			targetProxy = 00E356F41AD99517003FC87E /* PBXContainerItemProxy */;
		};
		2D02E4921E0B4A5D006451C7 /* PBXTargetDependency */ = {
			isa = PBXTargetDependency;
			target = 2D02E47A1E0B4A5D006451C7 /* doracahl-tvOS */;
			targetProxy = 2D02E4911E0B4A5D006451C7 /* PBXContainerItemProxy */;
		};
/* End PBXTargetDependency section */

/* Begin PBXVariantGroup section */
		13B07FB11A68108700A75B9A /* LaunchScreen.xib */ = {
			isa = PBXVariantGroup;
			children = (
				13B07FB21A68108700A75B9A /* Base */,
			);
			name = LaunchScreen.xib;
			path = doracahl;
			sourceTree = "<group>";
		};
/* End PBXVariantGroup section */

/* Begin XCBuildConfiguration section */
		00E356F61AD99517003FC87E /* Debug */ = {
			isa = XCBuildConfiguration;
			baseConfigurationReference = EA1B9407A80F48CF9CB5AA36 /* Pods-doracahlTests.debug.xcconfig */;
			buildSettings = {
				BUNDLE_LOADER = "$(TEST_HOST)";
				GCC_PREPROCESSOR_DEFINITIONS = (
					"DEBUG=1",
					"$(inherited)",
				);
				INFOPLIST_FILE = doracahlTests/Info.plist;
				IPHONEOS_DEPLOYMENT_TARGET = 9.0;
				LD_RUNPATH_SEARCH_PATHS = "$(inherited) @executable_path/Frameworks @loader_path/Frameworks";
				OTHER_LDFLAGS = (
					"-ObjC",
					"-lc++",
					"$(inherited)",
				);
				PRODUCT_BUNDLE_IDENTIFIER = "org.reactjs.native.example.$(PRODUCT_NAME:rfc1034identifier)";
				PRODUCT_NAME = "$(TARGET_NAME)";
				TEST_HOST = "$(BUILT_PRODUCTS_DIR)/doracahl.app/doracahl";
			};
			name = Debug;
		};
		00E356F71AD99517003FC87E /* Release */ = {
			isa = XCBuildConfiguration;
			baseConfigurationReference = 68FAEC469A28B7C45FF5D2C0 /* Pods-doracahlTests.release.xcconfig */;
			buildSettings = {
				BUNDLE_LOADER = "$(TEST_HOST)";
				COPY_PHASE_STRIP = NO;
				INFOPLIST_FILE = doracahlTests/Info.plist;
				IPHONEOS_DEPLOYMENT_TARGET = 9.0;
				LD_RUNPATH_SEARCH_PATHS = "$(inherited) @executable_path/Frameworks @loader_path/Frameworks";
				OTHER_LDFLAGS = (
					"-ObjC",
					"-lc++",
					"$(inherited)",
				);
				PRODUCT_BUNDLE_IDENTIFIER = "org.reactjs.native.example.$(PRODUCT_NAME:rfc1034identifier)";
				PRODUCT_NAME = "$(TARGET_NAME)";
				TEST_HOST = "$(BUILT_PRODUCTS_DIR)/doracahl.app/doracahl";
			};
			name = Release;
		};
		13B07F941A680F5B00A75B9A /* Debug */ = {
			isa = XCBuildConfiguration;
			baseConfigurationReference = D60B58805F673E2DB7B999B6 /* Pods-doracahl.debug.xcconfig */;
			buildSettings = {
				ASSETCATALOG_COMPILER_APPICON_NAME = AppIcon;
				CURRENT_PROJECT_VERSION = 1;
				DEAD_CODE_STRIPPING = NO;
				DEVELOPMENT_TEAM = W6WFB3GN9H;
				HEADER_SEARCH_PATHS = (
					"$(inherited)",
					"\"${PODS_ROOT}/Headers/Public\"",
					"\"${PODS_ROOT}/Headers/Public/DoubleConversion\"",
					"\"${PODS_ROOT}/Headers/Public/Google-Maps-iOS-Utils\"",
					"\"${PODS_ROOT}/Headers/Public/RNGestureHandler\"",
					"\"${PODS_ROOT}/Headers/Public/RNLaunchNavigator\"",
					"\"${PODS_ROOT}/Headers/Public/RNSVG\"",
					"\"${PODS_ROOT}/Headers/Public/RNVectorIcons\"",
					"\"${PODS_ROOT}/Headers/Public/React-Core\"",
					"\"${PODS_ROOT}/Headers/Public/React-DevSupport\"",
					"\"${PODS_ROOT}/Headers/Public/React-RCTActionSheet\"",
					"\"${PODS_ROOT}/Headers/Public/React-RCTAnimation\"",
					"\"${PODS_ROOT}/Headers/Public/React-RCTBlob\"",
					"\"${PODS_ROOT}/Headers/Public/React-RCTImage\"",
					"\"${PODS_ROOT}/Headers/Public/React-RCTLinking\"",
					"\"${PODS_ROOT}/Headers/Public/React-RCTNetwork\"",
					"\"${PODS_ROOT}/Headers/Public/React-RCTSettings\"",
					"\"${PODS_ROOT}/Headers/Public/React-RCTText\"",
					"\"${PODS_ROOT}/Headers/Public/React-RCTVibration\"",
					"\"${PODS_ROOT}/Headers/Public/React-RCTWebSocket\"",
					"\"${PODS_ROOT}/Headers/Public/React-cxxreact\"",
					"\"${PODS_ROOT}/Headers/Public/React-jsi\"",
					"\"${PODS_ROOT}/Headers/Public/React-jsiexecutor\"",
					"\"${PODS_ROOT}/Headers/Public/React-jsinspector\"",
					"\"${PODS_ROOT}/Headers/Public/glog\"",
					"\"${PODS_ROOT}/Headers/Public/react-native-add-calendar-event\"",
					"\"${PODS_ROOT}/Headers/Public/react-native-calendar-events\"",
					"\"${PODS_ROOT}/Headers/Public/react-native-geolocation\"",
					"\"${PODS_ROOT}/Headers/Public/react-native-google-maps\"",
					"\"${PODS_ROOT}/Headers/Public/react-native-maps\"",
					"\"${PODS_ROOT}/Headers/Public/yoga\"",
				);
				INFOPLIST_FILE = doracahl/Info.plist;
				LD_RUNPATH_SEARCH_PATHS = "$(inherited) @executable_path/Frameworks";
				OTHER_LDFLAGS = (
					"$(inherited)",
					"-ObjC",
					"-lc++",
				);
				PRODUCT_BUNDLE_IDENTIFIER = "org.reactjs.native.example.$(PRODUCT_NAME:rfc1034identifier)";
				PRODUCT_NAME = doracahl;
				VERSIONING_SYSTEM = "apple-generic";
			};
			name = Debug;
		};
		13B07F951A680F5B00A75B9A /* Release */ = {
			isa = XCBuildConfiguration;
			baseConfigurationReference = 55E790C9343C4A0491CBD011 /* Pods-doracahl.release.xcconfig */;
			buildSettings = {
				ASSETCATALOG_COMPILER_APPICON_NAME = AppIcon;
				CURRENT_PROJECT_VERSION = 1;
				DEVELOPMENT_TEAM = W6WFB3GN9H;
				HEADER_SEARCH_PATHS = (
					"$(inherited)",
					"\"${PODS_ROOT}/Headers/Public\"",
					"\"${PODS_ROOT}/Headers/Public/DoubleConversion\"",
					"\"${PODS_ROOT}/Headers/Public/Google-Maps-iOS-Utils\"",
					"\"${PODS_ROOT}/Headers/Public/RNGestureHandler\"",
					"\"${PODS_ROOT}/Headers/Public/RNLaunchNavigator\"",
					"\"${PODS_ROOT}/Headers/Public/RNSVG\"",
					"\"${PODS_ROOT}/Headers/Public/RNVectorIcons\"",
					"\"${PODS_ROOT}/Headers/Public/React-Core\"",
					"\"${PODS_ROOT}/Headers/Public/React-DevSupport\"",
					"\"${PODS_ROOT}/Headers/Public/React-RCTActionSheet\"",
					"\"${PODS_ROOT}/Headers/Public/React-RCTAnimation\"",
					"\"${PODS_ROOT}/Headers/Public/React-RCTBlob\"",
					"\"${PODS_ROOT}/Headers/Public/React-RCTImage\"",
					"\"${PODS_ROOT}/Headers/Public/React-RCTLinking\"",
					"\"${PODS_ROOT}/Headers/Public/React-RCTNetwork\"",
					"\"${PODS_ROOT}/Headers/Public/React-RCTSettings\"",
					"\"${PODS_ROOT}/Headers/Public/React-RCTText\"",
					"\"${PODS_ROOT}/Headers/Public/React-RCTVibration\"",
					"\"${PODS_ROOT}/Headers/Public/React-RCTWebSocket\"",
					"\"${PODS_ROOT}/Headers/Public/React-cxxreact\"",
					"\"${PODS_ROOT}/Headers/Public/React-jsi\"",
					"\"${PODS_ROOT}/Headers/Public/React-jsiexecutor\"",
					"\"${PODS_ROOT}/Headers/Public/React-jsinspector\"",
					"\"${PODS_ROOT}/Headers/Public/glog\"",
					"\"${PODS_ROOT}/Headers/Public/react-native-add-calendar-event\"",
					"\"${PODS_ROOT}/Headers/Public/react-native-calendar-events\"",
					"\"${PODS_ROOT}/Headers/Public/react-native-geolocation\"",
					"\"${PODS_ROOT}/Headers/Public/react-native-google-maps\"",
					"\"${PODS_ROOT}/Headers/Public/react-native-maps\"",
					"\"${PODS_ROOT}/Headers/Public/yoga\"",
				);
				INFOPLIST_FILE = doracahl/Info.plist;
				LD_RUNPATH_SEARCH_PATHS = "$(inherited) @executable_path/Frameworks";
				OTHER_LDFLAGS = (
					"$(inherited)",
					"-ObjC",
					"-lc++",
				);
				PRODUCT_BUNDLE_IDENTIFIER = "org.reactjs.native.example.$(PRODUCT_NAME:rfc1034identifier)";
				PRODUCT_NAME = doracahl;
				VERSIONING_SYSTEM = "apple-generic";
			};
			name = Release;
		};
		2D02E4971E0B4A5E006451C7 /* Debug */ = {
			isa = XCBuildConfiguration;
			baseConfigurationReference = 5B381C7595A0E3522ACB7C40 /* Pods-doracahl-tvOS.debug.xcconfig */;
			buildSettings = {
				ASSETCATALOG_COMPILER_APPICON_NAME = "App Icon & Top Shelf Image";
				ASSETCATALOG_COMPILER_LAUNCHIMAGE_NAME = LaunchImage;
				CLANG_ANALYZER_NONNULL = YES;
				CLANG_WARN_DOCUMENTATION_COMMENTS = YES;
				CLANG_WARN_INFINITE_RECURSION = YES;
				CLANG_WARN_SUSPICIOUS_MOVE = YES;
				DEBUG_INFORMATION_FORMAT = dwarf;
				ENABLE_TESTABILITY = YES;
				GCC_NO_COMMON_BLOCKS = YES;
				INFOPLIST_FILE = "doracahl-tvOS/Info.plist";
				LD_RUNPATH_SEARCH_PATHS = "$(inherited) @executable_path/Frameworks";
				OTHER_LDFLAGS = (
					"$(inherited)",
					"-ObjC",
					"-lc++",
				);
				PRODUCT_BUNDLE_IDENTIFIER = "com.facebook.REACT.doracahl-tvOS";
				PRODUCT_NAME = "$(TARGET_NAME)";
				SDKROOT = appletvos;
				TARGETED_DEVICE_FAMILY = 3;
				TVOS_DEPLOYMENT_TARGET = 9.2;
			};
			name = Debug;
		};
		2D02E4981E0B4A5E006451C7 /* Release */ = {
			isa = XCBuildConfiguration;
			baseConfigurationReference = B816C9E3F82344BD938ADBB8 /* Pods-doracahl-tvOS.release.xcconfig */;
			buildSettings = {
				ASSETCATALOG_COMPILER_APPICON_NAME = "App Icon & Top Shelf Image";
				ASSETCATALOG_COMPILER_LAUNCHIMAGE_NAME = LaunchImage;
				CLANG_ANALYZER_NONNULL = YES;
				CLANG_WARN_DOCUMENTATION_COMMENTS = YES;
				CLANG_WARN_INFINITE_RECURSION = YES;
				CLANG_WARN_SUSPICIOUS_MOVE = YES;
				COPY_PHASE_STRIP = NO;
				DEBUG_INFORMATION_FORMAT = "dwarf-with-dsym";
				GCC_NO_COMMON_BLOCKS = YES;
				INFOPLIST_FILE = "doracahl-tvOS/Info.plist";
				LD_RUNPATH_SEARCH_PATHS = "$(inherited) @executable_path/Frameworks";
				OTHER_LDFLAGS = (
					"$(inherited)",
					"-ObjC",
					"-lc++",
				);
				PRODUCT_BUNDLE_IDENTIFIER = "com.facebook.REACT.doracahl-tvOS";
				PRODUCT_NAME = "$(TARGET_NAME)";
				SDKROOT = appletvos;
				TARGETED_DEVICE_FAMILY = 3;
				TVOS_DEPLOYMENT_TARGET = 9.2;
			};
			name = Release;
		};
		2D02E4991E0B4A5E006451C7 /* Debug */ = {
			isa = XCBuildConfiguration;
			baseConfigurationReference = 5C13987D80FEBEFBAD8484EE /* Pods-doracahl-tvOSTests.debug.xcconfig */;
			buildSettings = {
				BUNDLE_LOADER = "$(TEST_HOST)";
				CLANG_ANALYZER_NONNULL = YES;
				CLANG_WARN_DOCUMENTATION_COMMENTS = YES;
				CLANG_WARN_INFINITE_RECURSION = YES;
				CLANG_WARN_SUSPICIOUS_MOVE = YES;
				DEBUG_INFORMATION_FORMAT = dwarf;
				ENABLE_TESTABILITY = YES;
				GCC_NO_COMMON_BLOCKS = YES;
				INFOPLIST_FILE = "doracahl-tvOSTests/Info.plist";
				LD_RUNPATH_SEARCH_PATHS = "$(inherited) @executable_path/Frameworks @loader_path/Frameworks";
				OTHER_LDFLAGS = (
					"$(inherited)",
					"-ObjC",
					"-lc++",
				);
				PRODUCT_BUNDLE_IDENTIFIER = "com.facebook.REACT.doracahl-tvOSTests";
				PRODUCT_NAME = "$(TARGET_NAME)";
				SDKROOT = appletvos;
				TEST_HOST = "$(BUILT_PRODUCTS_DIR)/doracahl-tvOS.app/doracahl-tvOS";
				TVOS_DEPLOYMENT_TARGET = 10.1;
			};
			name = Debug;
		};
		2D02E49A1E0B4A5E006451C7 /* Release */ = {
			isa = XCBuildConfiguration;
			baseConfigurationReference = 823285E49D4C8E2F26648C49 /* Pods-doracahl-tvOSTests.release.xcconfig */;
			buildSettings = {
				BUNDLE_LOADER = "$(TEST_HOST)";
				CLANG_ANALYZER_NONNULL = YES;
				CLANG_WARN_DOCUMENTATION_COMMENTS = YES;
				CLANG_WARN_INFINITE_RECURSION = YES;
				CLANG_WARN_SUSPICIOUS_MOVE = YES;
				COPY_PHASE_STRIP = NO;
				DEBUG_INFORMATION_FORMAT = "dwarf-with-dsym";
				GCC_NO_COMMON_BLOCKS = YES;
				INFOPLIST_FILE = "doracahl-tvOSTests/Info.plist";
				LD_RUNPATH_SEARCH_PATHS = "$(inherited) @executable_path/Frameworks @loader_path/Frameworks";
				OTHER_LDFLAGS = (
					"$(inherited)",
					"-ObjC",
					"-lc++",
				);
				PRODUCT_BUNDLE_IDENTIFIER = "com.facebook.REACT.doracahl-tvOSTests";
				PRODUCT_NAME = "$(TARGET_NAME)";
				SDKROOT = appletvos;
				TEST_HOST = "$(BUILT_PRODUCTS_DIR)/doracahl-tvOS.app/doracahl-tvOS";
				TVOS_DEPLOYMENT_TARGET = 10.1;
			};
			name = Release;
		};
		83CBBA201A601CBA00E9B192 /* Debug */ = {
			isa = XCBuildConfiguration;
			buildSettings = {
				ALWAYS_SEARCH_USER_PATHS = NO;
				CLANG_CXX_LANGUAGE_STANDARD = "gnu++0x";
				CLANG_CXX_LIBRARY = "libc++";
				CLANG_ENABLE_MODULES = YES;
				CLANG_ENABLE_OBJC_ARC = YES;
				CLANG_WARN_BLOCK_CAPTURE_AUTORELEASING = YES;
				CLANG_WARN_BOOL_CONVERSION = YES;
				CLANG_WARN_COMMA = YES;
				CLANG_WARN_CONSTANT_CONVERSION = YES;
				CLANG_WARN_DEPRECATED_OBJC_IMPLEMENTATIONS = YES;
				CLANG_WARN_DIRECT_OBJC_ISA_USAGE = YES_ERROR;
				CLANG_WARN_EMPTY_BODY = YES;
				CLANG_WARN_ENUM_CONVERSION = YES;
				CLANG_WARN_INFINITE_RECURSION = YES;
				CLANG_WARN_INT_CONVERSION = YES;
				CLANG_WARN_NON_LITERAL_NULL_CONVERSION = YES;
				CLANG_WARN_OBJC_IMPLICIT_RETAIN_SELF = YES;
				CLANG_WARN_OBJC_LITERAL_CONVERSION = YES;
				CLANG_WARN_OBJC_ROOT_CLASS = YES_ERROR;
				CLANG_WARN_RANGE_LOOP_ANALYSIS = YES;
				CLANG_WARN_STRICT_PROTOTYPES = YES;
				CLANG_WARN_SUSPICIOUS_MOVE = YES;
				CLANG_WARN_UNREACHABLE_CODE = YES;
				CLANG_WARN__DUPLICATE_METHOD_MATCH = YES;
				"CODE_SIGN_IDENTITY[sdk=iphoneos*]" = "iPhone Developer";
				COPY_PHASE_STRIP = NO;
				ENABLE_STRICT_OBJC_MSGSEND = YES;
				ENABLE_TESTABILITY = YES;
				GCC_C_LANGUAGE_STANDARD = gnu99;
				GCC_DYNAMIC_NO_PIC = NO;
				GCC_NO_COMMON_BLOCKS = YES;
				GCC_OPTIMIZATION_LEVEL = 0;
				GCC_PREPROCESSOR_DEFINITIONS = (
					"DEBUG=1",
					"$(inherited)",
				);
				GCC_SYMBOLS_PRIVATE_EXTERN = NO;
				GCC_WARN_64_TO_32_BIT_CONVERSION = YES;
				GCC_WARN_ABOUT_RETURN_TYPE = YES_ERROR;
				GCC_WARN_UNDECLARED_SELECTOR = YES;
				GCC_WARN_UNINITIALIZED_AUTOS = YES_AGGRESSIVE;
				GCC_WARN_UNUSED_FUNCTION = YES;
				GCC_WARN_UNUSED_VARIABLE = YES;
				IPHONEOS_DEPLOYMENT_TARGET = 9.0;
				MTL_ENABLE_DEBUG_INFO = YES;
				NEW_SETTING = "";
				ONLY_ACTIVE_ARCH = YES;
				SDKROOT = iphoneos;
			};
			name = Debug;
		};
		83CBBA211A601CBA00E9B192 /* Release */ = {
			isa = XCBuildConfiguration;
			buildSettings = {
				ALWAYS_SEARCH_USER_PATHS = NO;
				CLANG_CXX_LANGUAGE_STANDARD = "gnu++0x";
				CLANG_CXX_LIBRARY = "libc++";
				CLANG_ENABLE_MODULES = YES;
				CLANG_ENABLE_OBJC_ARC = YES;
				CLANG_WARN_BLOCK_CAPTURE_AUTORELEASING = YES;
				CLANG_WARN_BOOL_CONVERSION = YES;
				CLANG_WARN_COMMA = YES;
				CLANG_WARN_CONSTANT_CONVERSION = YES;
				CLANG_WARN_DEPRECATED_OBJC_IMPLEMENTATIONS = YES;
				CLANG_WARN_DIRECT_OBJC_ISA_USAGE = YES_ERROR;
				CLANG_WARN_EMPTY_BODY = YES;
				CLANG_WARN_ENUM_CONVERSION = YES;
				CLANG_WARN_INFINITE_RECURSION = YES;
				CLANG_WARN_INT_CONVERSION = YES;
				CLANG_WARN_NON_LITERAL_NULL_CONVERSION = YES;
				CLANG_WARN_OBJC_IMPLICIT_RETAIN_SELF = YES;
				CLANG_WARN_OBJC_LITERAL_CONVERSION = YES;
				CLANG_WARN_OBJC_ROOT_CLASS = YES_ERROR;
				CLANG_WARN_RANGE_LOOP_ANALYSIS = YES;
				CLANG_WARN_STRICT_PROTOTYPES = YES;
				CLANG_WARN_SUSPICIOUS_MOVE = YES;
				CLANG_WARN_UNREACHABLE_CODE = YES;
				CLANG_WARN__DUPLICATE_METHOD_MATCH = YES;
				"CODE_SIGN_IDENTITY[sdk=iphoneos*]" = "iPhone Developer";
				COPY_PHASE_STRIP = YES;
				ENABLE_NS_ASSERTIONS = NO;
				ENABLE_STRICT_OBJC_MSGSEND = YES;
				GCC_C_LANGUAGE_STANDARD = gnu99;
				GCC_NO_COMMON_BLOCKS = YES;
				GCC_WARN_64_TO_32_BIT_CONVERSION = YES;
				GCC_WARN_ABOUT_RETURN_TYPE = YES_ERROR;
				GCC_WARN_UNDECLARED_SELECTOR = YES;
				GCC_WARN_UNINITIALIZED_AUTOS = YES_AGGRESSIVE;
				GCC_WARN_UNUSED_FUNCTION = YES;
				GCC_WARN_UNUSED_VARIABLE = YES;
				IPHONEOS_DEPLOYMENT_TARGET = 9.0;
				MTL_ENABLE_DEBUG_INFO = NO;
				NEW_SETTING = "";
				SDKROOT = iphoneos;
				VALIDATE_PRODUCT = YES;
			};
			name = Release;
		};
/* End XCBuildConfiguration section */

/* Begin XCConfigurationList section */
		00E357021AD99517003FC87E /* Build configuration list for PBXNativeTarget "doracahlTests" */ = {
			isa = XCConfigurationList;
			buildConfigurations = (
				00E356F61AD99517003FC87E /* Debug */,
				00E356F71AD99517003FC87E /* Release */,
			);
			defaultConfigurationIsVisible = 0;
			defaultConfigurationName = Release;
		};
		13B07F931A680F5B00A75B9A /* Build configuration list for PBXNativeTarget "doracahl" */ = {
			isa = XCConfigurationList;
			buildConfigurations = (
				13B07F941A680F5B00A75B9A /* Debug */,
				13B07F951A680F5B00A75B9A /* Release */,
			);
			defaultConfigurationIsVisible = 0;
			defaultConfigurationName = Release;
		};
		2D02E4BA1E0B4A5E006451C7 /* Build configuration list for PBXNativeTarget "doracahl-tvOS" */ = {
			isa = XCConfigurationList;
			buildConfigurations = (
				2D02E4971E0B4A5E006451C7 /* Debug */,
				2D02E4981E0B4A5E006451C7 /* Release */,
			);
			defaultConfigurationIsVisible = 0;
			defaultConfigurationName = Release;
		};
		2D02E4BB1E0B4A5E006451C7 /* Build configuration list for PBXNativeTarget "doracahl-tvOSTests" */ = {
			isa = XCConfigurationList;
			buildConfigurations = (
				2D02E4991E0B4A5E006451C7 /* Debug */,
				2D02E49A1E0B4A5E006451C7 /* Release */,
			);
			defaultConfigurationIsVisible = 0;
			defaultConfigurationName = Release;
		};
		83CBB9FA1A601CBA00E9B192 /* Build configuration list for PBXProject "doracahl" */ = {
			isa = XCConfigurationList;
			buildConfigurations = (
				83CBBA201A601CBA00E9B192 /* Debug */,
				83CBBA211A601CBA00E9B192 /* Release */,
			);
			defaultConfigurationIsVisible = 0;
			defaultConfigurationName = Release;
		};
/* End XCConfigurationList section */
	};
	rootObject = 83CBB9F71A601CBA00E9B192 /* Project object */;
}
